// !$*UTF8*$!
{
	archiveVersion = 1;
	classes = {
	};
	objectVersion = 56;
	objects = {

/* Begin PBXBuildFile section */
		FA0322812A4DC2B0000993DF /* NicknameViewController.swift in Sources */ = {isa = PBXBuildFile; fileRef = FA0322802A4DC2B0000993DF /* NicknameViewController.swift */; };
		FA39D8492A4EA829001C7E0A /* AppAppearance.swift in Sources */ = {isa = PBXBuildFile; fileRef = FA39D8482A4EA829001C7E0A /* AppAppearance.swift */; };
		FA3AE4072A57D2970078A4DF /* GenderAndBitrhdayViewModel.swift in Sources */ = {isa = PBXBuildFile; fileRef = FA3AE4062A57D2970078A4DF /* GenderAndBitrhdayViewModel.swift */; };
		FA3AE4092A57D3D70078A4DF /* ViewModelType.swift in Sources */ = {isa = PBXBuildFile; fileRef = FA3AE4082A57D3D70078A4DF /* ViewModelType.swift */; };
		FA3AE40D2A57DB140078A4DF /* CiderBottomButton.swift in Sources */ = {isa = PBXBuildFile; fileRef = FA3AE40C2A57DB140078A4DF /* CiderBottomButton.swift */; };
		FA3EC10B2A4DA488008AA4E3 /* ServiceAgreeHeaderView.swift in Sources */ = {isa = PBXBuildFile; fileRef = FA3EC10A2A4DA488008AA4E3 /* ServiceAgreeHeaderView.swift */; };
		FA44D3992A4C43B80037E328 /* Color+Extension.swift in Sources */ = {isa = PBXBuildFile; fileRef = FA44D3982A4C43B80037E328 /* Color+Extension.swift */; };
		FA44D39B2A4C46A30037E328 /* CustomFont.swift in Sources */ = {isa = PBXBuildFile; fileRef = FA44D39A2A4C46A30037E328 /* CustomFont.swift */; };
		FA44D39D2A4C52DA0037E328 /* UIViewController+Extension.swift in Sources */ = {isa = PBXBuildFile; fileRef = FA44D39C2A4C52DA0037E328 /* UIViewController+Extension.swift */; };
		FA44D39F2A4C5CE30037E328 /* UIStackView+Extension.swift in Sources */ = {isa = PBXBuildFile; fileRef = FA44D39E2A4C5CE20037E328 /* UIStackView+Extension.swift */; };
		FA44D3A12A4C5D070037E328 /* UIView+Extension.swift in Sources */ = {isa = PBXBuildFile; fileRef = FA44D3A02A4C5D070037E328 /* UIView+Extension.swift */; };
		FA4DDB8E2A4D3178002EDEAD /* ServiceAgreeViewController.swift in Sources */ = {isa = PBXBuildFile; fileRef = FA4DDB8D2A4D3177002EDEAD /* ServiceAgreeViewController.swift */; };
		FA4DDB902A4D57D5002EDEAD /* ProcessType.swift in Sources */ = {isa = PBXBuildFile; fileRef = FA4DDB8F2A4D57D5002EDEAD /* ProcessType.swift */; };
		FA4DDB922A4D5810002EDEAD /* ServiceAgreeCellData.swift in Sources */ = {isa = PBXBuildFile; fileRef = FA4DDB912A4D5810002EDEAD /* ServiceAgreeCellData.swift */; };
		FA4DDB952A4D5A46002EDEAD /* ServiceAgreeCell.swift in Sources */ = {isa = PBXBuildFile; fileRef = FA4DDB942A4D5A46002EDEAD /* ServiceAgreeCell.swift */; };
		FA4DDB972A4D66CB002EDEAD /* ServiceAgreeDetailCell.swift in Sources */ = {isa = PBXBuildFile; fileRef = FA4DDB962A4D66CB002EDEAD /* ServiceAgreeDetailCell.swift */; };
		FA56F9842A542FA70099EC6F /* GenderAndBitrhdayViewController.swift in Sources */ = {isa = PBXBuildFile; fileRef = FA56F9832A542FA70099EC6F /* GenderAndBitrhdayViewController.swift */; };
		FA5B8BE12A4DCAE000CEB0F6 /* UITextField+Extension.swift in Sources */ = {isa = PBXBuildFile; fileRef = FA5B8BE02A4DCAE000CEB0F6 /* UITextField+Extension.swift */; };
		FA6100262A57F725002175CE /* ChallengeSelectionViewController.swift in Sources */ = {isa = PBXBuildFile; fileRef = FA6100252A57F725002175CE /* ChallengeSelectionViewController.swift */; };
		FA6100282A57FA46002175CE /* ChallengeType.swift in Sources */ = {isa = PBXBuildFile; fileRef = FA6100272A57FA46002175CE /* ChallengeType.swift */; };
		FA61002A2A57FC14002175CE /* ChallengesView.swift in Sources */ = {isa = PBXBuildFile; fileRef = FA6100292A57FC14002175CE /* ChallengesView.swift */; };
		FA61002C2A5816E5002175CE /* KeywordsView.swift in Sources */ = {isa = PBXBuildFile; fileRef = FA61002B2A5816E5002175CE /* KeywordsView.swift */; };
		FA61002E2A58180E002175CE /* CiderSelectionStyle.swift in Sources */ = {isa = PBXBuildFile; fileRef = FA61002D2A58180E002175CE /* CiderSelectionStyle.swift */; };
		FA6100302A590431002175CE /* ChallengeSelectionViewModel.swift in Sources */ = {isa = PBXBuildFile; fileRef = FA61002F2A590431002175CE /* ChallengeSelectionViewModel.swift */; };
		FA6100322A59AD8D002175CE /* GradientView.swift in Sources */ = {isa = PBXBuildFile; fileRef = FA6100312A59AD8D002175CE /* GradientView.swift */; };
		FA6100342A59BAEA002175CE /* ServiceAgreeViewModel.swift in Sources */ = {isa = PBXBuildFile; fileRef = FA6100332A59BAEA002175CE /* ServiceAgreeViewModel.swift */; };
		FA8CA6072A46D322005A6709 /* AppDelegate.swift in Sources */ = {isa = PBXBuildFile; fileRef = FA8CA6062A46D322005A6709 /* AppDelegate.swift */; };
		FA8CA6092A46D322005A6709 /* SceneDelegate.swift in Sources */ = {isa = PBXBuildFile; fileRef = FA8CA6082A46D322005A6709 /* SceneDelegate.swift */; };
		FA8CA60B2A46D322005A6709 /* LoginViewController.swift in Sources */ = {isa = PBXBuildFile; fileRef = FA8CA60A2A46D322005A6709 /* LoginViewController.swift */; };
		FA8CA6102A46D324005A6709 /* Assets.xcassets in Resources */ = {isa = PBXBuildFile; fileRef = FA8CA60F2A46D324005A6709 /* Assets.xcassets */; };
		FA8CA6132A46D324005A6709 /* LaunchScreen.storyboard in Resources */ = {isa = PBXBuildFile; fileRef = FA8CA6112A46D324005A6709 /* LaunchScreen.storyboard */; };
		FA8CA6262A49B541005A6709 /* Pretendard-Bold.otf in Resources */ = {isa = PBXBuildFile; fileRef = FA8CA6232A49B541005A6709 /* Pretendard-Bold.otf */; };
		FA8CA6272A49B541005A6709 /* Pretendard-Regular.otf in Resources */ = {isa = PBXBuildFile; fileRef = FA8CA6242A49B541005A6709 /* Pretendard-Regular.otf */; };
		FA8CA6282A49B541005A6709 /* Pretendard-Medium.otf in Resources */ = {isa = PBXBuildFile; fileRef = FA8CA6252A49B541005A6709 /* Pretendard-Medium.otf */; };
		FAB9A73B2A4C64CF00757A80 /* UILabel+Extension.swift in Sources */ = {isa = PBXBuildFile; fileRef = FAB9A73A2A4C64CF00757A80 /* UILabel+Extension.swift */; };
		FAB9A73F2A4C8DAB00757A80 /* ProcessView.swift in Sources */ = {isa = PBXBuildFile; fileRef = FAB9A73E2A4C8DAA00757A80 /* ProcessView.swift */; };
/* End PBXBuildFile section */

/* Begin PBXFileReference section */
		FA0322802A4DC2B0000993DF /* NicknameViewController.swift */ = {isa = PBXFileReference; lastKnownFileType = sourcecode.swift; path = NicknameViewController.swift; sourceTree = "<group>"; };
		FA39D8482A4EA829001C7E0A /* AppAppearance.swift */ = {isa = PBXFileReference; lastKnownFileType = sourcecode.swift; path = AppAppearance.swift; sourceTree = "<group>"; };
		FA3AE4062A57D2970078A4DF /* GenderAndBitrhdayViewModel.swift */ = {isa = PBXFileReference; lastKnownFileType = sourcecode.swift; path = GenderAndBitrhdayViewModel.swift; sourceTree = "<group>"; };
		FA3AE4082A57D3D70078A4DF /* ViewModelType.swift */ = {isa = PBXFileReference; lastKnownFileType = sourcecode.swift; path = ViewModelType.swift; sourceTree = "<group>"; };
		FA3AE40C2A57DB140078A4DF /* CiderBottomButton.swift */ = {isa = PBXFileReference; lastKnownFileType = sourcecode.swift; path = CiderBottomButton.swift; sourceTree = "<group>"; };
		FA3EC10A2A4DA488008AA4E3 /* ServiceAgreeHeaderView.swift */ = {isa = PBXFileReference; lastKnownFileType = sourcecode.swift; path = ServiceAgreeHeaderView.swift; sourceTree = "<group>"; };
		FA44D3982A4C43B80037E328 /* Color+Extension.swift */ = {isa = PBXFileReference; lastKnownFileType = sourcecode.swift; path = "Color+Extension.swift"; sourceTree = "<group>"; };
		FA44D39A2A4C46A30037E328 /* CustomFont.swift */ = {isa = PBXFileReference; lastKnownFileType = sourcecode.swift; path = CustomFont.swift; sourceTree = "<group>"; };
		FA44D39C2A4C52DA0037E328 /* UIViewController+Extension.swift */ = {isa = PBXFileReference; lastKnownFileType = sourcecode.swift; path = "UIViewController+Extension.swift"; sourceTree = "<group>"; };
		FA44D39E2A4C5CE20037E328 /* UIStackView+Extension.swift */ = {isa = PBXFileReference; lastKnownFileType = sourcecode.swift; path = "UIStackView+Extension.swift"; sourceTree = "<group>"; };
		FA44D3A02A4C5D070037E328 /* UIView+Extension.swift */ = {isa = PBXFileReference; lastKnownFileType = sourcecode.swift; path = "UIView+Extension.swift"; sourceTree = "<group>"; };
		FA4DDB8D2A4D3177002EDEAD /* ServiceAgreeViewController.swift */ = {isa = PBXFileReference; lastKnownFileType = sourcecode.swift; path = ServiceAgreeViewController.swift; sourceTree = "<group>"; };
		FA4DDB8F2A4D57D5002EDEAD /* ProcessType.swift */ = {isa = PBXFileReference; lastKnownFileType = sourcecode.swift; path = ProcessType.swift; sourceTree = "<group>"; };
		FA4DDB912A4D5810002EDEAD /* ServiceAgreeCellData.swift */ = {isa = PBXFileReference; lastKnownFileType = sourcecode.swift; path = ServiceAgreeCellData.swift; sourceTree = "<group>"; };
		FA4DDB942A4D5A46002EDEAD /* ServiceAgreeCell.swift */ = {isa = PBXFileReference; lastKnownFileType = sourcecode.swift; path = ServiceAgreeCell.swift; sourceTree = "<group>"; };
		FA4DDB962A4D66CB002EDEAD /* ServiceAgreeDetailCell.swift */ = {isa = PBXFileReference; lastKnownFileType = sourcecode.swift; path = ServiceAgreeDetailCell.swift; sourceTree = "<group>"; };
		FA56F9832A542FA70099EC6F /* GenderAndBitrhdayViewController.swift */ = {isa = PBXFileReference; lastKnownFileType = sourcecode.swift; path = GenderAndBitrhdayViewController.swift; sourceTree = "<group>"; };
		FA5B8BE02A4DCAE000CEB0F6 /* UITextField+Extension.swift */ = {isa = PBXFileReference; lastKnownFileType = sourcecode.swift; path = "UITextField+Extension.swift"; sourceTree = "<group>"; };
		FA6100252A57F725002175CE /* ChallengeSelectionViewController.swift */ = {isa = PBXFileReference; lastKnownFileType = sourcecode.swift; path = ChallengeSelectionViewController.swift; sourceTree = "<group>"; };
		FA6100272A57FA46002175CE /* ChallengeType.swift */ = {isa = PBXFileReference; lastKnownFileType = sourcecode.swift; path = ChallengeType.swift; sourceTree = "<group>"; };
		FA6100292A57FC14002175CE /* ChallengesView.swift */ = {isa = PBXFileReference; lastKnownFileType = sourcecode.swift; path = ChallengesView.swift; sourceTree = "<group>"; };
		FA61002B2A5816E5002175CE /* KeywordsView.swift */ = {isa = PBXFileReference; lastKnownFileType = sourcecode.swift; path = KeywordsView.swift; sourceTree = "<group>"; };
		FA61002D2A58180E002175CE /* CiderSelectionStyle.swift */ = {isa = PBXFileReference; lastKnownFileType = sourcecode.swift; path = CiderSelectionStyle.swift; sourceTree = "<group>"; };
		FA61002F2A590431002175CE /* ChallengeSelectionViewModel.swift */ = {isa = PBXFileReference; lastKnownFileType = sourcecode.swift; path = ChallengeSelectionViewModel.swift; sourceTree = "<group>"; };
		FA6100312A59AD8D002175CE /* GradientView.swift */ = {isa = PBXFileReference; lastKnownFileType = sourcecode.swift; path = GradientView.swift; sourceTree = "<group>"; };
		FA6100332A59BAEA002175CE /* ServiceAgreeViewModel.swift */ = {isa = PBXFileReference; lastKnownFileType = sourcecode.swift; path = ServiceAgreeViewModel.swift; sourceTree = "<group>"; };
		FA8CA6032A46D322005A6709 /* Cider.app */ = {isa = PBXFileReference; explicitFileType = wrapper.application; includeInIndex = 0; path = Cider.app; sourceTree = BUILT_PRODUCTS_DIR; };
		FA8CA6062A46D322005A6709 /* AppDelegate.swift */ = {isa = PBXFileReference; lastKnownFileType = sourcecode.swift; path = AppDelegate.swift; sourceTree = "<group>"; };
		FA8CA6082A46D322005A6709 /* SceneDelegate.swift */ = {isa = PBXFileReference; lastKnownFileType = sourcecode.swift; path = SceneDelegate.swift; sourceTree = "<group>"; };
		FA8CA60A2A46D322005A6709 /* LoginViewController.swift */ = {isa = PBXFileReference; lastKnownFileType = sourcecode.swift; path = LoginViewController.swift; sourceTree = "<group>"; };
		FA8CA60F2A46D324005A6709 /* Assets.xcassets */ = {isa = PBXFileReference; lastKnownFileType = folder.assetcatalog; path = Assets.xcassets; sourceTree = "<group>"; };
		FA8CA6122A46D324005A6709 /* Base */ = {isa = PBXFileReference; lastKnownFileType = file.storyboard; name = Base; path = Base.lproj/LaunchScreen.storyboard; sourceTree = "<group>"; };
		FA8CA6142A46D324005A6709 /* Info.plist */ = {isa = PBXFileReference; lastKnownFileType = text.plist.xml; path = Info.plist; sourceTree = "<group>"; };
		FA8CA6232A49B541005A6709 /* Pretendard-Bold.otf */ = {isa = PBXFileReference; lastKnownFileType = file; path = "Pretendard-Bold.otf"; sourceTree = "<group>"; };
		FA8CA6242A49B541005A6709 /* Pretendard-Regular.otf */ = {isa = PBXFileReference; lastKnownFileType = file; path = "Pretendard-Regular.otf"; sourceTree = "<group>"; };
		FA8CA6252A49B541005A6709 /* Pretendard-Medium.otf */ = {isa = PBXFileReference; lastKnownFileType = file; path = "Pretendard-Medium.otf"; sourceTree = "<group>"; };
		FAB9A73A2A4C64CF00757A80 /* UILabel+Extension.swift */ = {isa = PBXFileReference; lastKnownFileType = sourcecode.swift; path = "UILabel+Extension.swift"; sourceTree = "<group>"; };
		FAB9A73E2A4C8DAA00757A80 /* ProcessView.swift */ = {isa = PBXFileReference; lastKnownFileType = sourcecode.swift; path = ProcessView.swift; sourceTree = "<group>"; };
/* End PBXFileReference section */

/* Begin PBXFrameworksBuildPhase section */
		FA8CA6002A46D322005A6709 /* Frameworks */ = {
			isa = PBXFrameworksBuildPhase;
			buildActionMask = 2147483647;
			files = (
			);
			runOnlyForDeploymentPostprocessing = 0;
		};
/* End PBXFrameworksBuildPhase section */

/* Begin PBXGroup section */
		FA3AE4052A57D2850078A4DF /* ViewModels */ = {
			isa = PBXGroup;
			children = (
				FA6100332A59BAEA002175CE /* ServiceAgreeViewModel.swift */,
				FA3AE4062A57D2970078A4DF /* GenderAndBitrhdayViewModel.swift */,
				FA61002F2A590431002175CE /* ChallengeSelectionViewModel.swift */,
			);
			path = ViewModels;
			sourceTree = "<group>";
		};
		FA44D38D2A4C3CB10037E328 /* Presentation */ = {
			isa = PBXGroup;
			children = (
				FA44D38E2A4C3CBA0037E328 /* Auth */,
			);
			path = Presentation;
			sourceTree = "<group>";
		};
		FA44D38E2A4C3CBA0037E328 /* Auth */ = {
			isa = PBXGroup;
			children = (
				FA3AE4052A57D2850078A4DF /* ViewModels */,
				FA44D38F2A4C3CEE0037E328 /* Views */,
				FA4DDB932A4D5A1B002EDEAD /* SubViews */,
			);
			path = Auth;
			sourceTree = "<group>";
		};
		FA44D38F2A4C3CEE0037E328 /* Views */ = {
			isa = PBXGroup;
			children = (
				FA8CA60A2A46D322005A6709 /* LoginViewController.swift */,
				FA4DDB8D2A4D3177002EDEAD /* ServiceAgreeViewController.swift */,
				FA0322802A4DC2B0000993DF /* NicknameViewController.swift */,
				FA56F9832A542FA70099EC6F /* GenderAndBitrhdayViewController.swift */,
				FA6100252A57F725002175CE /* ChallengeSelectionViewController.swift */,
			);
			path = Views;
			sourceTree = "<group>";
		};
		FA44D3902A4C3DB00037E328 /* Domain */ = {
			isa = PBXGroup;
			children = (
				FA44D3922A4C3DCA0037E328 /* UseCases */,
				FA44D3912A4C3DBE0037E328 /* Entities */,
			);
			path = Domain;
			sourceTree = "<group>";
		};
		FA44D3912A4C3DBE0037E328 /* Entities */ = {
			isa = PBXGroup;
			children = (
			);
			path = Entities;
			sourceTree = "<group>";
		};
		FA44D3922A4C3DCA0037E328 /* UseCases */ = {
			isa = PBXGroup;
			children = (
			);
			path = UseCases;
			sourceTree = "<group>";
		};
		FA44D3932A4C3DF10037E328 /* Data */ = {
			isa = PBXGroup;
			children = (
			);
			path = Data;
			sourceTree = "<group>";
		};
		FA44D3942A4C3E150037E328 /* Common */ = {
			isa = PBXGroup;
			children = (
				FA44D3972A4C43A70037E328 /* Extension */,
				FA4DDB8F2A4D57D5002EDEAD /* ProcessType.swift */,
				FA4DDB912A4D5810002EDEAD /* ServiceAgreeCellData.swift */,
				FA39D8482A4EA829001C7E0A /* AppAppearance.swift */,
				FA3AE4082A57D3D70078A4DF /* ViewModelType.swift */,
				FA3AE40C2A57DB140078A4DF /* CiderBottomButton.swift */,
				FA6100272A57FA46002175CE /* ChallengeType.swift */,
				FA61002D2A58180E002175CE /* CiderSelectionStyle.swift */,
				FA6100312A59AD8D002175CE /* GradientView.swift */,
			);
			path = Common;
			sourceTree = "<group>";
		};
		FA44D3952A4C3E1B0037E328 /* Resources */ = {
			isa = PBXGroup;
			children = (
				FA8CA6222A49B51F005A6709 /* Font */,
				FA8CA60F2A46D324005A6709 /* Assets.xcassets */,
				FA8CA6112A46D324005A6709 /* LaunchScreen.storyboard */,
				FA8CA6142A46D324005A6709 /* Info.plist */,
			);
			path = Resources;
			sourceTree = "<group>";
		};
		FA44D3962A4C3E290037E328 /* Application */ = {
			isa = PBXGroup;
			children = (
				FA8CA6062A46D322005A6709 /* AppDelegate.swift */,
				FA8CA6082A46D322005A6709 /* SceneDelegate.swift */,
			);
			path = Application;
			sourceTree = "<group>";
		};
		FA44D3972A4C43A70037E328 /* Extension */ = {
			isa = PBXGroup;
			children = (
				FA44D3982A4C43B80037E328 /* Color+Extension.swift */,
				FA44D39C2A4C52DA0037E328 /* UIViewController+Extension.swift */,
				FA44D39E2A4C5CE20037E328 /* UIStackView+Extension.swift */,
				FA44D3A02A4C5D070037E328 /* UIView+Extension.swift */,
				FAB9A73A2A4C64CF00757A80 /* UILabel+Extension.swift */,
				FA5B8BE02A4DCAE000CEB0F6 /* UITextField+Extension.swift */,
			);
			path = Extension;
			sourceTree = "<group>";
		};
		FA4DDB932A4D5A1B002EDEAD /* SubViews */ = {
			isa = PBXGroup;
			children = (
				FAB9A73E2A4C8DAA00757A80 /* ProcessView.swift */,
				FA4DDB942A4D5A46002EDEAD /* ServiceAgreeCell.swift */,
				FA4DDB962A4D66CB002EDEAD /* ServiceAgreeDetailCell.swift */,
				FA3EC10A2A4DA488008AA4E3 /* ServiceAgreeHeaderView.swift */,
				FA6100292A57FC14002175CE /* ChallengesView.swift */,
				FA61002B2A5816E5002175CE /* KeywordsView.swift */,
			);
			path = SubViews;
			sourceTree = "<group>";
		};
		FA8CA5FA2A46D322005A6709 = {
			isa = PBXGroup;
			children = (
				FA8CA6052A46D322005A6709 /* Cider */,
				FA8CA6042A46D322005A6709 /* Products */,
			);
			sourceTree = "<group>";
		};
		FA8CA6042A46D322005A6709 /* Products */ = {
			isa = PBXGroup;
			children = (
				FA8CA6032A46D322005A6709 /* Cider.app */,
			);
			name = Products;
			sourceTree = "<group>";
		};
		FA8CA6052A46D322005A6709 /* Cider */ = {
			isa = PBXGroup;
			children = (
				FA44D3962A4C3E290037E328 /* Application */,
				FA44D3952A4C3E1B0037E328 /* Resources */,
				FA44D3942A4C3E150037E328 /* Common */,
				FA44D38D2A4C3CB10037E328 /* Presentation */,
				FA44D3902A4C3DB00037E328 /* Domain */,
				FA44D3932A4C3DF10037E328 /* Data */,
			);
			path = Cider;
			sourceTree = "<group>";
		};
		FA8CA6222A49B51F005A6709 /* Font */ = {
			isa = PBXGroup;
			children = (
				FA8CA6232A49B541005A6709 /* Pretendard-Bold.otf */,
				FA8CA6252A49B541005A6709 /* Pretendard-Medium.otf */,
				FA8CA6242A49B541005A6709 /* Pretendard-Regular.otf */,
				FA44D39A2A4C46A30037E328 /* CustomFont.swift */,
			);
			path = Font;
			sourceTree = "<group>";
		};
/* End PBXGroup section */

/* Begin PBXNativeTarget section */
		FA8CA6022A46D322005A6709 /* Cider */ = {
			isa = PBXNativeTarget;
			buildConfigurationList = FA8CA6172A46D324005A6709 /* Build configuration list for PBXNativeTarget "Cider" */;
			buildPhases = (
				FA8CA5FF2A46D322005A6709 /* Sources */,
				FA8CA6002A46D322005A6709 /* Frameworks */,
				FA8CA6012A46D322005A6709 /* Resources */,
			);
			buildRules = (
			);
			dependencies = (
			);
			name = Cider;
			productName = Cider;
			productReference = FA8CA6032A46D322005A6709 /* Cider.app */;
			productType = "com.apple.product-type.application";
		};
/* End PBXNativeTarget section */

/* Begin PBXProject section */
		FA8CA5FB2A46D322005A6709 /* Project object */ = {
			isa = PBXProject;
			attributes = {
				BuildIndependentTargetsInParallel = 1;
				LastSwiftUpdateCheck = 1420;
				LastUpgradeCheck = 1420;
				TargetAttributes = {
					FA8CA6022A46D322005A6709 = {
						CreatedOnToolsVersion = 14.2;
					};
				};
			};
			buildConfigurationList = FA8CA5FE2A46D322005A6709 /* Build configuration list for PBXProject "Cider" */;
			compatibilityVersion = "Xcode 14.0";
			developmentRegion = en;
			hasScannedForEncodings = 0;
			knownRegions = (
				en,
				Base,
			);
			mainGroup = FA8CA5FA2A46D322005A6709;
			productRefGroup = FA8CA6042A46D322005A6709 /* Products */;
			projectDirPath = "";
			projectRoot = "";
			targets = (
				FA8CA6022A46D322005A6709 /* Cider */,
			);
		};
/* End PBXProject section */

/* Begin PBXResourcesBuildPhase section */
		FA8CA6012A46D322005A6709 /* Resources */ = {
			isa = PBXResourcesBuildPhase;
			buildActionMask = 2147483647;
			files = (
				FA8CA6132A46D324005A6709 /* LaunchScreen.storyboard in Resources */,
				FA8CA6262A49B541005A6709 /* Pretendard-Bold.otf in Resources */,
				FA8CA6272A49B541005A6709 /* Pretendard-Regular.otf in Resources */,
				FA8CA6102A46D324005A6709 /* Assets.xcassets in Resources */,
				FA8CA6282A49B541005A6709 /* Pretendard-Medium.otf in Resources */,
			);
			runOnlyForDeploymentPostprocessing = 0;
		};
/* End PBXResourcesBuildPhase section */

/* Begin PBXSourcesBuildPhase section */
		FA8CA5FF2A46D322005A6709 /* Sources */ = {
			isa = PBXSourcesBuildPhase;
			buildActionMask = 2147483647;
			files = (
				FA61002C2A5816E5002175CE /* KeywordsView.swift in Sources */,
				FA3AE4092A57D3D70078A4DF /* ViewModelType.swift in Sources */,
				FA6100322A59AD8D002175CE /* GradientView.swift in Sources */,
				FA3EC10B2A4DA488008AA4E3 /* ServiceAgreeHeaderView.swift in Sources */,
				FA39D8492A4EA829001C7E0A /* AppAppearance.swift in Sources */,
				FA44D3A12A4C5D070037E328 /* UIView+Extension.swift in Sources */,
				FA44D39D2A4C52DA0037E328 /* UIViewController+Extension.swift in Sources */,
				FA61002E2A58180E002175CE /* CiderSelectionStyle.swift in Sources */,
				FA44D39F2A4C5CE30037E328 /* UIStackView+Extension.swift in Sources */,
				FA3AE40D2A57DB140078A4DF /* CiderBottomButton.swift in Sources */,
				FA56F9842A542FA70099EC6F /* GenderAndBitrhdayViewController.swift in Sources */,
				FA0322812A4DC2B0000993DF /* NicknameViewController.swift in Sources */,
				FA4DDB8E2A4D3178002EDEAD /* ServiceAgreeViewController.swift in Sources */,
				FA8CA60B2A46D322005A6709 /* LoginViewController.swift in Sources */,
				FA4DDB922A4D5810002EDEAD /* ServiceAgreeCellData.swift in Sources */,
				FA4DDB952A4D5A46002EDEAD /* ServiceAgreeCell.swift in Sources */,
				FA5B8BE12A4DCAE000CEB0F6 /* UITextField+Extension.swift in Sources */,
				FA6100282A57FA46002175CE /* ChallengeType.swift in Sources */,
				FA4DDB972A4D66CB002EDEAD /* ServiceAgreeDetailCell.swift in Sources */,
				FAB9A73F2A4C8DAB00757A80 /* ProcessView.swift in Sources */,
				FA8CA6072A46D322005A6709 /* AppDelegate.swift in Sources */,
				FA44D39B2A4C46A30037E328 /* CustomFont.swift in Sources */,
				FA6100342A59BAEA002175CE /* ServiceAgreeViewModel.swift in Sources */,
				FA6100262A57F725002175CE /* ChallengeSelectionViewController.swift in Sources */,
				FA8CA6092A46D322005A6709 /* SceneDelegate.swift in Sources */,
				FA4DDB902A4D57D5002EDEAD /* ProcessType.swift in Sources */,
				FA61002A2A57FC14002175CE /* ChallengesView.swift in Sources */,
				FA6100302A590431002175CE /* ChallengeSelectionViewModel.swift in Sources */,
				FA44D3992A4C43B80037E328 /* Color+Extension.swift in Sources */,
				FA3AE4072A57D2970078A4DF /* GenderAndBitrhdayViewModel.swift in Sources */,
				FAB9A73B2A4C64CF00757A80 /* UILabel+Extension.swift in Sources */,
			);
			runOnlyForDeploymentPostprocessing = 0;
		};
/* End PBXSourcesBuildPhase section */

/* Begin PBXVariantGroup section */
		FA8CA6112A46D324005A6709 /* LaunchScreen.storyboard */ = {
			isa = PBXVariantGroup;
			children = (
				FA8CA6122A46D324005A6709 /* Base */,
			);
			name = LaunchScreen.storyboard;
			sourceTree = "<group>";
		};
/* End PBXVariantGroup section */

/* Begin XCBuildConfiguration section */
		FA8CA6152A46D324005A6709 /* Debug */ = {
			isa = XCBuildConfiguration;
			buildSettings = {
				ALWAYS_SEARCH_USER_PATHS = NO;
				CLANG_ANALYZER_NONNULL = YES;
				CLANG_ANALYZER_NUMBER_OBJECT_CONVERSION = YES_AGGRESSIVE;
				CLANG_CXX_LANGUAGE_STANDARD = "gnu++20";
				CLANG_ENABLE_MODULES = YES;
				CLANG_ENABLE_OBJC_ARC = YES;
				CLANG_ENABLE_OBJC_WEAK = YES;
				CLANG_WARN_BLOCK_CAPTURE_AUTORELEASING = YES;
				CLANG_WARN_BOOL_CONVERSION = YES;
				CLANG_WARN_COMMA = YES;
				CLANG_WARN_CONSTANT_CONVERSION = YES;
				CLANG_WARN_DEPRECATED_OBJC_IMPLEMENTATIONS = YES;
				CLANG_WARN_DIRECT_OBJC_ISA_USAGE = YES_ERROR;
				CLANG_WARN_DOCUMENTATION_COMMENTS = YES;
				CLANG_WARN_EMPTY_BODY = YES;
				CLANG_WARN_ENUM_CONVERSION = YES;
				CLANG_WARN_INFINITE_RECURSION = YES;
				CLANG_WARN_INT_CONVERSION = YES;
				CLANG_WARN_NON_LITERAL_NULL_CONVERSION = YES;
				CLANG_WARN_OBJC_IMPLICIT_RETAIN_SELF = YES;
				CLANG_WARN_OBJC_LITERAL_CONVERSION = YES;
				CLANG_WARN_OBJC_ROOT_CLASS = YES_ERROR;
				CLANG_WARN_QUOTED_INCLUDE_IN_FRAMEWORK_HEADER = YES;
				CLANG_WARN_RANGE_LOOP_ANALYSIS = YES;
				CLANG_WARN_STRICT_PROTOTYPES = YES;
				CLANG_WARN_SUSPICIOUS_MOVE = YES;
				CLANG_WARN_UNGUARDED_AVAILABILITY = YES_AGGRESSIVE;
				CLANG_WARN_UNREACHABLE_CODE = YES;
				CLANG_WARN__DUPLICATE_METHOD_MATCH = YES;
				COPY_PHASE_STRIP = NO;
				DEBUG_INFORMATION_FORMAT = dwarf;
				ENABLE_STRICT_OBJC_MSGSEND = YES;
				ENABLE_TESTABILITY = YES;
				GCC_C_LANGUAGE_STANDARD = gnu11;
				GCC_DYNAMIC_NO_PIC = NO;
				GCC_NO_COMMON_BLOCKS = YES;
				GCC_OPTIMIZATION_LEVEL = 0;
				GCC_PREPROCESSOR_DEFINITIONS = (
					"DEBUG=1",
					"$(inherited)",
				);
				GCC_WARN_64_TO_32_BIT_CONVERSION = YES;
				GCC_WARN_ABOUT_RETURN_TYPE = YES_ERROR;
				GCC_WARN_UNDECLARED_SELECTOR = YES;
				GCC_WARN_UNINITIALIZED_AUTOS = YES_AGGRESSIVE;
				GCC_WARN_UNUSED_FUNCTION = YES;
				GCC_WARN_UNUSED_VARIABLE = YES;
				IPHONEOS_DEPLOYMENT_TARGET = 16.2;
				MTL_ENABLE_DEBUG_INFO = INCLUDE_SOURCE;
				MTL_FAST_MATH = YES;
				ONLY_ACTIVE_ARCH = YES;
				SDKROOT = iphoneos;
				SWIFT_ACTIVE_COMPILATION_CONDITIONS = DEBUG;
				SWIFT_OPTIMIZATION_LEVEL = "-Onone";
			};
			name = Debug;
		};
		FA8CA6162A46D324005A6709 /* Release */ = {
			isa = XCBuildConfiguration;
			buildSettings = {
				ALWAYS_SEARCH_USER_PATHS = NO;
				CLANG_ANALYZER_NONNULL = YES;
				CLANG_ANALYZER_NUMBER_OBJECT_CONVERSION = YES_AGGRESSIVE;
				CLANG_CXX_LANGUAGE_STANDARD = "gnu++20";
				CLANG_ENABLE_MODULES = YES;
				CLANG_ENABLE_OBJC_ARC = YES;
				CLANG_ENABLE_OBJC_WEAK = YES;
				CLANG_WARN_BLOCK_CAPTURE_AUTORELEASING = YES;
				CLANG_WARN_BOOL_CONVERSION = YES;
				CLANG_WARN_COMMA = YES;
				CLANG_WARN_CONSTANT_CONVERSION = YES;
				CLANG_WARN_DEPRECATED_OBJC_IMPLEMENTATIONS = YES;
				CLANG_WARN_DIRECT_OBJC_ISA_USAGE = YES_ERROR;
				CLANG_WARN_DOCUMENTATION_COMMENTS = YES;
				CLANG_WARN_EMPTY_BODY = YES;
				CLANG_WARN_ENUM_CONVERSION = YES;
				CLANG_WARN_INFINITE_RECURSION = YES;
				CLANG_WARN_INT_CONVERSION = YES;
				CLANG_WARN_NON_LITERAL_NULL_CONVERSION = YES;
				CLANG_WARN_OBJC_IMPLICIT_RETAIN_SELF = YES;
				CLANG_WARN_OBJC_LITERAL_CONVERSION = YES;
				CLANG_WARN_OBJC_ROOT_CLASS = YES_ERROR;
				CLANG_WARN_QUOTED_INCLUDE_IN_FRAMEWORK_HEADER = YES;
				CLANG_WARN_RANGE_LOOP_ANALYSIS = YES;
				CLANG_WARN_STRICT_PROTOTYPES = YES;
				CLANG_WARN_SUSPICIOUS_MOVE = YES;
				CLANG_WARN_UNGUARDED_AVAILABILITY = YES_AGGRESSIVE;
				CLANG_WARN_UNREACHABLE_CODE = YES;
				CLANG_WARN__DUPLICATE_METHOD_MATCH = YES;
				COPY_PHASE_STRIP = NO;
				DEBUG_INFORMATION_FORMAT = "dwarf-with-dsym";
				ENABLE_NS_ASSERTIONS = NO;
				ENABLE_STRICT_OBJC_MSGSEND = YES;
				GCC_C_LANGUAGE_STANDARD = gnu11;
				GCC_NO_COMMON_BLOCKS = YES;
				GCC_WARN_64_TO_32_BIT_CONVERSION = YES;
				GCC_WARN_ABOUT_RETURN_TYPE = YES_ERROR;
				GCC_WARN_UNDECLARED_SELECTOR = YES;
				GCC_WARN_UNINITIALIZED_AUTOS = YES_AGGRESSIVE;
				GCC_WARN_UNUSED_FUNCTION = YES;
				GCC_WARN_UNUSED_VARIABLE = YES;
				IPHONEOS_DEPLOYMENT_TARGET = 16.2;
				MTL_ENABLE_DEBUG_INFO = NO;
				MTL_FAST_MATH = YES;
				SDKROOT = iphoneos;
				SWIFT_COMPILATION_MODE = wholemodule;
				SWIFT_OPTIMIZATION_LEVEL = "-O";
				VALIDATE_PRODUCT = YES;
			};
			name = Release;
		};
		FA8CA6182A46D324005A6709 /* Debug */ = {
			isa = XCBuildConfiguration;
			buildSettings = {
				ASSETCATALOG_COMPILER_APPICON_NAME = AppIcon;
				ASSETCATALOG_COMPILER_GLOBAL_ACCENT_COLOR_NAME = AccentColor;
				CODE_SIGN_STYLE = Automatic;
				CURRENT_PROJECT_VERSION = 1;
				DEVELOPMENT_TEAM = 9738W25PF4;
				GENERATE_INFOPLIST_FILE = YES;
				INFOPLIST_FILE = Cider/Resources/Info.plist;
				INFOPLIST_KEY_LSApplicationCategoryType = "";
				INFOPLIST_KEY_UIApplicationSupportsIndirectInputEvents = YES;
				INFOPLIST_KEY_UILaunchStoryboardName = LaunchScreen;
				INFOPLIST_KEY_UISupportedInterfaceOrientations_iPad = "UIInterfaceOrientationPortrait UIInterfaceOrientationPortraitUpsideDown UIInterfaceOrientationLandscapeLeft UIInterfaceOrientationLandscapeRight";
				INFOPLIST_KEY_UISupportedInterfaceOrientations_iPhone = "UIInterfaceOrientationPortrait UIInterfaceOrientationLandscapeLeft UIInterfaceOrientationLandscapeRight";
				IPHONEOS_DEPLOYMENT_TARGET = 16.0;
				LD_RUNPATH_SEARCH_PATHS = (
					"$(inherited)",
					"@executable_path/Frameworks",
				);
				MARKETING_VERSION = 1.0;
				PRODUCT_BUNDLE_IDENTIFIER = LimYoungSun.Cider;
				PRODUCT_NAME = "$(TARGET_NAME)";
				SWIFT_EMIT_LOC_STRINGS = YES;
				SWIFT_VERSION = 5.0;
				TARGETED_DEVICE_FAMILY = "1,2";
			};
			name = Debug;
		};
		FA8CA6192A46D324005A6709 /* Release */ = {
			isa = XCBuildConfiguration;
			buildSettings = {
				ASSETCATALOG_COMPILER_APPICON_NAME = AppIcon;
				ASSETCATALOG_COMPILER_GLOBAL_ACCENT_COLOR_NAME = AccentColor;
				CODE_SIGN_STYLE = Automatic;
				CURRENT_PROJECT_VERSION = 1;
				DEVELOPMENT_TEAM = 9738W25PF4;
				GENERATE_INFOPLIST_FILE = YES;
				INFOPLIST_FILE = Cider/Resources/Info.plist;
				INFOPLIST_KEY_LSApplicationCategoryType = "";
				INFOPLIST_KEY_UIApplicationSupportsIndirectInputEvents = YES;
				INFOPLIST_KEY_UILaunchStoryboardName = LaunchScreen;
				INFOPLIST_KEY_UISupportedInterfaceOrientations_iPad = "UIInterfaceOrientationPortrait UIInterfaceOrientationPortraitUpsideDown UIInterfaceOrientationLandscapeLeft UIInterfaceOrientationLandscapeRight";
				INFOPLIST_KEY_UISupportedInterfaceOrientations_iPhone = "UIInterfaceOrientationPortrait UIInterfaceOrientationLandscapeLeft UIInterfaceOrientationLandscapeRight";
				IPHONEOS_DEPLOYMENT_TARGET = 16.0;
				LD_RUNPATH_SEARCH_PATHS = (
					"$(inherited)",
					"@executable_path/Frameworks",
				);
				MARKETING_VERSION = 1.0;
				PRODUCT_BUNDLE_IDENTIFIER = LimYoungSun.Cider;
				PRODUCT_NAME = "$(TARGET_NAME)";
				SWIFT_EMIT_LOC_STRINGS = YES;
				SWIFT_VERSION = 5.0;
				TARGETED_DEVICE_FAMILY = "1,2";
			};
			name = Release;
		};
/* End XCBuildConfiguration section */

/* Begin XCConfigurationList section */
		FA8CA5FE2A46D322005A6709 /* Build configuration list for PBXProject "Cider" */ = {
			isa = XCConfigurationList;
			buildConfigurations = (
				FA8CA6152A46D324005A6709 /* Debug */,
				FA8CA6162A46D324005A6709 /* Release */,
			);
			defaultConfigurationIsVisible = 0;
			defaultConfigurationName = Release;
		};
		FA8CA6172A46D324005A6709 /* Build configuration list for PBXNativeTarget "Cider" */ = {
			isa = XCConfigurationList;
			buildConfigurations = (
				FA8CA6182A46D324005A6709 /* Debug */,
				FA8CA6192A46D324005A6709 /* Release */,
			);
			defaultConfigurationIsVisible = 0;
			defaultConfigurationName = Release;
		};
/* End XCConfigurationList section */
	};
	rootObject = FA8CA5FB2A46D322005A6709 /* Project object */;
}
