// !$*UTF8*$!
{
	archiveVersion = 1;
	classes = {
	};
	objectVersion = 56;
	objects = {

/* Begin PBXBuildFile section */
		FA0322812A4DC2B0000993DF /* NicknameViewController.swift in Sources */ = {isa = PBXBuildFile; fileRef = FA0322802A4DC2B0000993DF /* NicknameViewController.swift */; };
		FA08D99B2A6D78CE0061C567 /* FeedCell.swift in Sources */ = {isa = PBXBuildFile; fileRef = FA08D99A2A6D78CE0061C567 /* FeedCell.swift */; };
		FA2A064C2A68DC0F00AC649F /* PrecautionView.swift in Sources */ = {isa = PBXBuildFile; fileRef = FA2A064B2A68DC0F00AC649F /* PrecautionView.swift */; };
		FA2A064E2A68DCE000AC649F /* PrecautionViewController.swift in Sources */ = {isa = PBXBuildFile; fileRef = FA2A064D2A68DCE000AC649F /* PrecautionViewController.swift */; };
		FA2A06502A68DF5B00AC649F /* PrecautionViewModel.swift in Sources */ = {isa = PBXBuildFile; fileRef = FA2A064F2A68DF5B00AC649F /* PrecautionViewModel.swift */; };
		FA2A06522A68F19700AC649F /* ReviewInfoView.swift in Sources */ = {isa = PBXBuildFile; fileRef = FA2A06512A68F19700AC649F /* ReviewInfoView.swift */; };
		FA2A06542A68F31C00AC649F /* ChallengeCompleteViewController.swift in Sources */ = {isa = PBXBuildFile; fileRef = FA2A06532A68F31C00AC649F /* ChallengeCompleteViewController.swift */; };
		FA2A06582A69014100AC649F /* ChallengeHomeView.swift in Sources */ = {isa = PBXBuildFile; fileRef = FA2A06572A69014100AC649F /* ChallengeHomeView.swift */; };
		FA2F052F2A683E9E00E2CCF2 /* Notification.Name+Extension.swift in Sources */ = {isa = PBXBuildFile; fileRef = FA2F052E2A683E9E00E2CCF2 /* Notification.Name+Extension.swift */; };
		FA316D672A63A15100C7AA88 /* OnboardingCompleteViewController.swift in Sources */ = {isa = PBXBuildFile; fileRef = FA316D662A63A15100C7AA88 /* OnboardingCompleteViewController.swift */; };
		FA316D692A63A18700C7AA88 /* MainTitleLabel.swift in Sources */ = {isa = PBXBuildFile; fileRef = FA316D682A63A18700C7AA88 /* MainTitleLabel.swift */; };
		FA316D6C2A63BAB500C7AA88 /* TabBarViewController.swift in Sources */ = {isa = PBXBuildFile; fileRef = FA316D6B2A63BAB500C7AA88 /* TabBarViewController.swift */; };
		FA316D6F2A63FE8E00C7AA88 /* WritingViewController.swift in Sources */ = {isa = PBXBuildFile; fileRef = FA316D6E2A63FE8E00C7AA88 /* WritingViewController.swift */; };
		FA316D742A64155B00C7AA88 /* UserManager.swift in Sources */ = {isa = PBXBuildFile; fileRef = FA316D732A64155B00C7AA88 /* UserManager.swift */; };
		FA31A9442A6A33BE004D1C3B /* ChallengeHomeCell.swift in Sources */ = {isa = PBXBuildFile; fileRef = FA31A9432A6A33BE004D1C3B /* ChallengeHomeCell.swift */; };
		FA31A9462A6A4BB8004D1C3B /* CiderInfoView.swift in Sources */ = {isa = PBXBuildFile; fileRef = FA31A9452A6A4BB8004D1C3B /* CiderInfoView.swift */; };
		FA32B8362A6A4F0B0086497D /* HomeViewController.swift in Sources */ = {isa = PBXBuildFile; fileRef = FA32B8352A6A4F0B0086497D /* HomeViewController.swift */; };
		FA32B8382A6A67EA0086497D /* Item.swift in Sources */ = {isa = PBXBuildFile; fileRef = FA32B8372A6A67EA0086497D /* Item.swift */; };
		FA32B83A2A6A6C2D0086497D /* HomeHeaderView.swift in Sources */ = {isa = PBXBuildFile; fileRef = FA32B8392A6A6C2D0086497D /* HomeHeaderView.swift */; };
		FA32B83C2A6A79070086497D /* HomeNavigationView.swift in Sources */ = {isa = PBXBuildFile; fileRef = FA32B83B2A6A79070086497D /* HomeNavigationView.swift */; };
		FA32B83E2A6A848C0086497D /* BannerCell.swift in Sources */ = {isa = PBXBuildFile; fileRef = FA32B83D2A6A848C0086497D /* BannerCell.swift */; };
		FA348ED02A61170800EA3D04 /* NicknameViewModel.swift in Sources */ = {isa = PBXBuildFile; fileRef = FA348ECF2A61170800EA3D04 /* NicknameViewModel.swift */; };
		FA348ED32A61180400EA3D04 /* NicknameUsecase.swift in Sources */ = {isa = PBXBuildFile; fileRef = FA348ED22A61180400EA3D04 /* NicknameUsecase.swift */; };
		FA348ED52A61185500EA3D04 /* NicknameRepository.swift in Sources */ = {isa = PBXBuildFile; fileRef = FA348ED42A61185500EA3D04 /* NicknameRepository.swift */; };
		FA348ED72A61190900EA3D04 /* RandomNicknameResponse.swift in Sources */ = {isa = PBXBuildFile; fileRef = FA348ED62A61190900EA3D04 /* RandomNicknameResponse.swift */; };
		FA348ED92A6119B600EA3D04 /* DuplicateNicknameResponse.swift in Sources */ = {isa = PBXBuildFile; fileRef = FA348ED82A6119B600EA3D04 /* DuplicateNicknameResponse.swift */; };
		FA39D8492A4EA829001C7E0A /* AppAppearance.swift in Sources */ = {isa = PBXBuildFile; fileRef = FA39D8482A4EA829001C7E0A /* AppAppearance.swift */; };
		FA3AE4072A57D2970078A4DF /* GenderAndBirthdayViewModel.swift in Sources */ = {isa = PBXBuildFile; fileRef = FA3AE4062A57D2970078A4DF /* GenderAndBirthdayViewModel.swift */; };
		FA3AE4092A57D3D70078A4DF /* ViewModelType.swift in Sources */ = {isa = PBXBuildFile; fileRef = FA3AE4082A57D3D70078A4DF /* ViewModelType.swift */; };
		FA3AE40D2A57DB140078A4DF /* CiderBottomButton.swift in Sources */ = {isa = PBXBuildFile; fileRef = FA3AE40C2A57DB140078A4DF /* CiderBottomButton.swift */; };
		FA3C43232A62EA18009E820B /* OnboardingRequest.swift in Sources */ = {isa = PBXBuildFile; fileRef = FA3C43222A62EA18009E820B /* OnboardingRequest.swift */; };
		FA3C43252A62ECBA009E820B /* OnboardingUsecase.swift in Sources */ = {isa = PBXBuildFile; fileRef = FA3C43242A62ECBA009E820B /* OnboardingUsecase.swift */; };
		FA3C43282A62ED37009E820B /* OnboardingRepository.swift in Sources */ = {isa = PBXBuildFile; fileRef = FA3C43272A62ED37009E820B /* OnboardingRepository.swift */; };
		FA3C432A2A62F1FB009E820B /* OnboardingResponse.swift in Sources */ = {isa = PBXBuildFile; fileRef = FA3C43292A62F1FB009E820B /* OnboardingResponse.swift */; };
		FA3C432C2A62F816009E820B /* Onboarding.swift in Sources */ = {isa = PBXBuildFile; fileRef = FA3C432B2A62F816009E820B /* Onboarding.swift */; };
		FA3C432E2A62FA0E009E820B /* Date+Extension.swift in Sources */ = {isa = PBXBuildFile; fileRef = FA3C432D2A62FA0E009E820B /* Date+Extension.swift */; };
		FA3C43302A6300DF009E820B /* String+Extension.swift in Sources */ = {isa = PBXBuildFile; fileRef = FA3C432F2A6300DF009E820B /* String+Extension.swift */; };
		FA3EC10B2A4DA488008AA4E3 /* ServiceAgreeHeaderView.swift in Sources */ = {isa = PBXBuildFile; fileRef = FA3EC10A2A4DA488008AA4E3 /* ServiceAgreeHeaderView.swift */; };
		FA3FC7FA2A6E92C60022CA3A /* HomeDetailViewController.swift in Sources */ = {isa = PBXBuildFile; fileRef = FA3FC7F92A6E92C60022CA3A /* HomeDetailViewController.swift */; };
		FA3FC7FC2A6E93B70022CA3A /* SortingHeaderView.swift in Sources */ = {isa = PBXBuildFile; fileRef = FA3FC7FB2A6E93B70022CA3A /* SortingHeaderView.swift */; };
		FA3FC8002A6E94690022CA3A /* HomeDetailInfoCell.swift in Sources */ = {isa = PBXBuildFile; fileRef = FA3FC7FF2A6E94690022CA3A /* HomeDetailInfoCell.swift */; };
		FA3FC8032A6E95540022CA3A /* HomeDetailType.swift in Sources */ = {isa = PBXBuildFile; fileRef = FA3FC8022A6E95540022CA3A /* HomeDetailType.swift */; };
		FA4280632A70E68100828F93 /* ReviewType.swift in Sources */ = {isa = PBXBuildFile; fileRef = FA4280622A70E68100828F93 /* ReviewType.swift */; };
		FA4280652A70E9A900828F93 /* ReviewStatusBarView.swift in Sources */ = {isa = PBXBuildFile; fileRef = FA4280642A70E9A900828F93 /* ReviewStatusBarView.swift */; };
		FA4280672A70F17800828F93 /* ReviewCell.swift in Sources */ = {isa = PBXBuildFile; fileRef = FA4280662A70F17800828F93 /* ReviewCell.swift */; };
		FA4280692A721C7900828F93 /* ClosedChallengeCell.swift in Sources */ = {isa = PBXBuildFile; fileRef = FA4280682A721C7900828F93 /* ClosedChallengeCell.swift */; };
		FA4280792A736C5900828F93 /* ChallengeDetailMenuCell.swift in Sources */ = {isa = PBXBuildFile; fileRef = FA4280782A736C5800828F93 /* ChallengeDetailMenuCell.swift */; };
		FA42807B2A736F7600828F93 /* DynamicLabel.swift in Sources */ = {isa = PBXBuildFile; fileRef = FA42807A2A736F7600828F93 /* DynamicLabel.swift */; };
		FA42807D2A737C3600828F93 /* ChallengeDetailViewController.swift in Sources */ = {isa = PBXBuildFile; fileRef = FA42807C2A737C3600828F93 /* ChallengeDetailViewController.swift */; };
		FA42807F2A73882900828F93 /* ProgressBarView.swift in Sources */ = {isa = PBXBuildFile; fileRef = FA42807E2A73882900828F93 /* ProgressBarView.swift */; };
		FA4280842A73ADF900828F93 /* ProgressBarCell.swift in Sources */ = {isa = PBXBuildFile; fileRef = FA4280832A73ADF900828F93 /* ProgressBarCell.swift */; };
		FA4280862A73D4B800828F93 /* ChallengeIntroCell.swift in Sources */ = {isa = PBXBuildFile; fileRef = FA4280852A73D4B800828F93 /* ChallengeIntroCell.swift */; };
		FA43C4E52A681E16001BB9B4 /* ChallengeOpenViewModel.swift in Sources */ = {isa = PBXBuildFile; fileRef = FA43C4E42A681E16001BB9B4 /* ChallengeOpenViewModel.swift */; };
		FA44D3992A4C43B80037E328 /* Color+Extension.swift in Sources */ = {isa = PBXBuildFile; fileRef = FA44D3982A4C43B80037E328 /* Color+Extension.swift */; };
		FA44D39B2A4C46A30037E328 /* CustomFont.swift in Sources */ = {isa = PBXBuildFile; fileRef = FA44D39A2A4C46A30037E328 /* CustomFont.swift */; };
		FA44D39D2A4C52DA0037E328 /* UIViewController+Extension.swift in Sources */ = {isa = PBXBuildFile; fileRef = FA44D39C2A4C52DA0037E328 /* UIViewController+Extension.swift */; };
		FA44D39F2A4C5CE30037E328 /* UIStackView+Extension.swift in Sources */ = {isa = PBXBuildFile; fileRef = FA44D39E2A4C5CE20037E328 /* UIStackView+Extension.swift */; };
		FA44D3A12A4C5D070037E328 /* UIView+Extension.swift in Sources */ = {isa = PBXBuildFile; fileRef = FA44D3A02A4C5D070037E328 /* UIView+Extension.swift */; };
		FA4A24B92A6FD6360078A86C /* SortingView.swift in Sources */ = {isa = PBXBuildFile; fileRef = FA4A24B82A6FD6360078A86C /* SortingView.swift */; };
		FA4A24BB2A7004540078A86C /* OngoingCell.swift in Sources */ = {isa = PBXBuildFile; fileRef = FA4A24BA2A7004540078A86C /* OngoingCell.swift */; };
		FA4A24BD2A7012B90078A86C /* MyChallengeViewController.swift in Sources */ = {isa = PBXBuildFile; fileRef = FA4A24BC2A7012B90078A86C /* MyChallengeViewController.swift */; };
		FA4DDB8E2A4D3178002EDEAD /* ServiceAgreeViewController.swift in Sources */ = {isa = PBXBuildFile; fileRef = FA4DDB8D2A4D3177002EDEAD /* ServiceAgreeViewController.swift */; };
		FA4DDB902A4D57D5002EDEAD /* ProcessType.swift in Sources */ = {isa = PBXBuildFile; fileRef = FA4DDB8F2A4D57D5002EDEAD /* ProcessType.swift */; };
		FA4DDB922A4D5810002EDEAD /* ServiceAgreeCellData.swift in Sources */ = {isa = PBXBuildFile; fileRef = FA4DDB912A4D5810002EDEAD /* ServiceAgreeCellData.swift */; };
		FA4DDB952A4D5A46002EDEAD /* ServiceAgreeCell.swift in Sources */ = {isa = PBXBuildFile; fileRef = FA4DDB942A4D5A46002EDEAD /* ServiceAgreeCell.swift */; };
		FA4DDB972A4D66CB002EDEAD /* ServiceAgreeDetailCell.swift in Sources */ = {isa = PBXBuildFile; fileRef = FA4DDB962A4D66CB002EDEAD /* ServiceAgreeDetailCell.swift */; };
		FA4DF29A2A6C191C007F3035 /* CategoryView.swift in Sources */ = {isa = PBXBuildFile; fileRef = FA4DF2992A6C191C007F3035 /* CategoryView.swift */; };
		FA4DF29C2A6C1F5D007F3035 /* CategoryHeaderView.swift in Sources */ = {isa = PBXBuildFile; fileRef = FA4DF29B2A6C1F5D007F3035 /* CategoryHeaderView.swift */; };
		FA553EB22A5C026300DAE63B /* KakaoSDK in Frameworks */ = {isa = PBXBuildFile; productRef = FA553EB12A5C026300DAE63B /* KakaoSDK */; };
		FA553EB42A5C026300DAE63B /* KakaoSDKAuth in Frameworks */ = {isa = PBXBuildFile; productRef = FA553EB32A5C026300DAE63B /* KakaoSDKAuth */; };
		FA553EB62A5C026300DAE63B /* KakaoSDKCommon in Frameworks */ = {isa = PBXBuildFile; productRef = FA553EB52A5C026300DAE63B /* KakaoSDKCommon */; };
		FA553EBD2A5C0D6900DAE63B /* APIKey.swift in Sources */ = {isa = PBXBuildFile; fileRef = FA553EBC2A5C0D6900DAE63B /* APIKey.swift */; };
		FA553EBF2A5C141B00DAE63B /* LoginUsecase.swift in Sources */ = {isa = PBXBuildFile; fileRef = FA553EBE2A5C141B00DAE63B /* LoginUsecase.swift */; };
		FA56F9842A542FA70099EC6F /* GenderAndBirthdayViewController.swift in Sources */ = {isa = PBXBuildFile; fileRef = FA56F9832A542FA70099EC6F /* GenderAndBirthdayViewController.swift */; };
		FA57AF452A5C16EE008A5991 /* LoginViewModel.swift in Sources */ = {isa = PBXBuildFile; fileRef = FA57AF442A5C16EE008A5991 /* LoginViewModel.swift */; };
		FA57AF482A5C5116008A5991 /* Moya in Frameworks */ = {isa = PBXBuildFile; productRef = FA57AF472A5C5116008A5991 /* Moya */; };
		FA57AF4B2A5D0D72008A5991 /* CiderAPI.swift in Sources */ = {isa = PBXBuildFile; fileRef = FA57AF4A2A5D0D72008A5991 /* CiderAPI.swift */; };
		FA57AF4D2A5D0E2A008A5991 /* Keychain.swift in Sources */ = {isa = PBXBuildFile; fileRef = FA57AF4C2A5D0E2A008A5991 /* Keychain.swift */; };
		FA57AF4F2A5D0EC7008A5991 /* LocalKey.swift in Sources */ = {isa = PBXBuildFile; fileRef = FA57AF4E2A5D0EC7008A5991 /* LocalKey.swift */; };
		FA57AF572A5D14CC008A5991 /* LoginRequest.swift in Sources */ = {isa = PBXBuildFile; fileRef = FA57AF562A5D14CC008A5991 /* LoginRequest.swift */; };
		FA57AF5A2A5D154C008A5991 /* LoginResponse.swift in Sources */ = {isa = PBXBuildFile; fileRef = FA57AF592A5D154C008A5991 /* LoginResponse.swift */; };
		FA57AF5D2A5D17A0008A5991 /* LoginRepository.swift in Sources */ = {isa = PBXBuildFile; fileRef = FA57AF5C2A5D17A0008A5991 /* LoginRepository.swift */; };
		FA57AF602A5D1851008A5991 /* Encodable+Extension.swift in Sources */ = {isa = PBXBuildFile; fileRef = FA57AF5F2A5D1851008A5991 /* Encodable+Extension.swift */; };
		FA57AF632A5D22A0008A5991 /* LoginError.swift in Sources */ = {isa = PBXBuildFile; fileRef = FA57AF622A5D22A0008A5991 /* LoginError.swift */; };
		FA57AF662A5D6EF5008A5991 /* ChallengeOpenViewController.swift in Sources */ = {isa = PBXBuildFile; fileRef = FA57AF652A5D6EF5008A5991 /* ChallengeOpenViewController.swift */; };
		FA57AF6B2A5D73F8008A5991 /* ChallengeOpenCell.swift in Sources */ = {isa = PBXBuildFile; fileRef = FA57AF6A2A5D73F8008A5991 /* ChallengeOpenCell.swift */; };
		FA57AF6D2A5D76EF008A5991 /* UIPreview.swift in Sources */ = {isa = PBXBuildFile; fileRef = FA57AF6C2A5D76EF008A5991 /* UIPreview.swift */; };
		FA57AF752A5E9DED008A5991 /* CiderTextView.swift in Sources */ = {isa = PBXBuildFile; fileRef = FA57AF742A5E9DED008A5991 /* CiderTextView.swift */; };
		FA5B8BE12A4DCAE000CEB0F6 /* UITextField+Extension.swift in Sources */ = {isa = PBXBuildFile; fileRef = FA5B8BE02A4DCAE000CEB0F6 /* UITextField+Extension.swift */; };
		FA6100262A57F725002175CE /* ChallengeSelectionViewController.swift in Sources */ = {isa = PBXBuildFile; fileRef = FA6100252A57F725002175CE /* ChallengeSelectionViewController.swift */; };
		FA6100282A57FA46002175CE /* ChallengeType.swift in Sources */ = {isa = PBXBuildFile; fileRef = FA6100272A57FA46002175CE /* ChallengeType.swift */; };
		FA61002A2A57FC14002175CE /* ChallengesView.swift in Sources */ = {isa = PBXBuildFile; fileRef = FA6100292A57FC14002175CE /* ChallengesView.swift */; };
		FA61002C2A5816E5002175CE /* KeywordsView.swift in Sources */ = {isa = PBXBuildFile; fileRef = FA61002B2A5816E5002175CE /* KeywordsView.swift */; };
		FA61002E2A58180E002175CE /* CiderSelectionStyle.swift in Sources */ = {isa = PBXBuildFile; fileRef = FA61002D2A58180E002175CE /* CiderSelectionStyle.swift */; };
		FA6100302A590431002175CE /* ChallengeSelectionViewModel.swift in Sources */ = {isa = PBXBuildFile; fileRef = FA61002F2A590431002175CE /* ChallengeSelectionViewModel.swift */; };
		FA6100322A59AD8D002175CE /* GradientView.swift in Sources */ = {isa = PBXBuildFile; fileRef = FA6100312A59AD8D002175CE /* GradientView.swift */; };
		FA6100342A59BAEA002175CE /* ServiceAgreeViewModel.swift in Sources */ = {isa = PBXBuildFile; fileRef = FA6100332A59BAEA002175CE /* ServiceAgreeViewModel.swift */; };
		FA6AE8B02A6045AB00512EE1 /* ChallengeOpenSelectionType.swift in Sources */ = {isa = PBXBuildFile; fileRef = FA6AE8AF2A6045AB00512EE1 /* ChallengeOpenSelectionType.swift */; };
		FA6AE8B22A6047CB00512EE1 /* UITextView+Extension.swift in Sources */ = {isa = PBXBuildFile; fileRef = FA6AE8B12A6047CB00512EE1 /* UITextView+Extension.swift */; };
		FA6C21672A5A4DD3008A9ADD /* CiderTextFieldView.swift in Sources */ = {isa = PBXBuildFile; fileRef = FA6C21662A5A4DD3008A9ADD /* CiderTextFieldView.swift */; };
		FA6C21692A5A4E21008A9ADD /* CiderEnabledStyle.swift in Sources */ = {isa = PBXBuildFile; fileRef = FA6C21682A5A4E21008A9ADD /* CiderEnabledStyle.swift */; };
		FA6C216B2A5A78C4008A9ADD /* RandomNicknameView.swift in Sources */ = {isa = PBXBuildFile; fileRef = FA6C216A2A5A78C4008A9ADD /* RandomNicknameView.swift */; };
		FA758AC82A5EF418003E2F07 /* StarTitleLabel.swift in Sources */ = {isa = PBXBuildFile; fileRef = FA758AC72A5EF418003E2F07 /* StarTitleLabel.swift */; };
		FA758ACA2A5EF528003E2F07 /* ChallengeOpenSelectionView.swift in Sources */ = {isa = PBXBuildFile; fileRef = FA758AC92A5EF528003E2F07 /* ChallengeOpenSelectionView.swift */; };
		FA758ACC2A5F0316003E2F07 /* MissionPhotoView.swift in Sources */ = {isa = PBXBuildFile; fileRef = FA758ACB2A5F0316003E2F07 /* MissionPhotoView.swift */; };
		FA758ACE2A5F0374003E2F07 /* ChallengeResultType.swift in Sources */ = {isa = PBXBuildFile; fileRef = FA758ACD2A5F0374003E2F07 /* ChallengeResultType.swift */; };
		FA8CA6072A46D322005A6709 /* AppDelegate.swift in Sources */ = {isa = PBXBuildFile; fileRef = FA8CA6062A46D322005A6709 /* AppDelegate.swift */; };
		FA8CA6092A46D322005A6709 /* SceneDelegate.swift in Sources */ = {isa = PBXBuildFile; fileRef = FA8CA6082A46D322005A6709 /* SceneDelegate.swift */; };
		FA8CA60B2A46D322005A6709 /* LoginViewController.swift in Sources */ = {isa = PBXBuildFile; fileRef = FA8CA60A2A46D322005A6709 /* LoginViewController.swift */; };
		FA8CA6102A46D324005A6709 /* Assets.xcassets in Resources */ = {isa = PBXBuildFile; fileRef = FA8CA60F2A46D324005A6709 /* Assets.xcassets */; };
		FA8CA6132A46D324005A6709 /* LaunchScreen.storyboard in Resources */ = {isa = PBXBuildFile; fileRef = FA8CA6112A46D324005A6709 /* LaunchScreen.storyboard */; };
		FA8CA6262A49B541005A6709 /* Pretendard-Bold.otf in Resources */ = {isa = PBXBuildFile; fileRef = FA8CA6232A49B541005A6709 /* Pretendard-Bold.otf */; };
		FA8CA6272A49B541005A6709 /* Pretendard-Regular.otf in Resources */ = {isa = PBXBuildFile; fileRef = FA8CA6242A49B541005A6709 /* Pretendard-Regular.otf */; };
		FA8CA6282A49B541005A6709 /* Pretendard-Medium.otf in Resources */ = {isa = PBXBuildFile; fileRef = FA8CA6252A49B541005A6709 /* Pretendard-Medium.otf */; };
		FAB9A73B2A4C64CF00757A80 /* UILabel+Extension.swift in Sources */ = {isa = PBXBuildFile; fileRef = FAB9A73A2A4C64CF00757A80 /* UILabel+Extension.swift */; };
		FAB9A73F2A4C8DAB00757A80 /* ProcessView.swift in Sources */ = {isa = PBXBuildFile; fileRef = FAB9A73E2A4C8DAA00757A80 /* ProcessView.swift */; };
		FABF17532A70D8910073C13B /* SeparatorFooterView.swift in Sources */ = {isa = PBXBuildFile; fileRef = FABF17522A70D8910073C13B /* SeparatorFooterView.swift */; };
		FAD6E3D42A64F2A6002C8007 /* WritingView.swift in Sources */ = {isa = PBXBuildFile; fileRef = FAD6E3D32A64F2A6002C8007 /* WritingView.swift */; };
		FAD6E3D62A64F2F5002C8007 /* WritingType.swift in Sources */ = {isa = PBXBuildFile; fileRef = FAD6E3D52A64F2F5002C8007 /* WritingType.swift */; };
		FAD6E3D82A64F9B5002C8007 /* ChallengeTypeViewController.swift in Sources */ = {isa = PBXBuildFile; fileRef = FAD6E3D72A64F9B5002C8007 /* ChallengeTypeViewController.swift */; };
/* End PBXBuildFile section */

/* Begin PBXFileReference section */
		FA0322802A4DC2B0000993DF /* NicknameViewController.swift */ = {isa = PBXFileReference; lastKnownFileType = sourcecode.swift; path = NicknameViewController.swift; sourceTree = "<group>"; };
		FA08D99A2A6D78CE0061C567 /* FeedCell.swift */ = {isa = PBXFileReference; lastKnownFileType = sourcecode.swift; path = FeedCell.swift; sourceTree = "<group>"; };
		FA2A064B2A68DC0F00AC649F /* PrecautionView.swift */ = {isa = PBXFileReference; lastKnownFileType = sourcecode.swift; path = PrecautionView.swift; sourceTree = "<group>"; };
		FA2A064D2A68DCE000AC649F /* PrecautionViewController.swift */ = {isa = PBXFileReference; lastKnownFileType = sourcecode.swift; path = PrecautionViewController.swift; sourceTree = "<group>"; };
		FA2A064F2A68DF5B00AC649F /* PrecautionViewModel.swift */ = {isa = PBXFileReference; lastKnownFileType = sourcecode.swift; path = PrecautionViewModel.swift; sourceTree = "<group>"; };
		FA2A06512A68F19700AC649F /* ReviewInfoView.swift */ = {isa = PBXFileReference; lastKnownFileType = sourcecode.swift; path = ReviewInfoView.swift; sourceTree = "<group>"; };
		FA2A06532A68F31C00AC649F /* ChallengeCompleteViewController.swift */ = {isa = PBXFileReference; lastKnownFileType = sourcecode.swift; path = ChallengeCompleteViewController.swift; sourceTree = "<group>"; };
		FA2A06572A69014100AC649F /* ChallengeHomeView.swift */ = {isa = PBXFileReference; lastKnownFileType = sourcecode.swift; path = ChallengeHomeView.swift; sourceTree = "<group>"; };
		FA2F052E2A683E9E00E2CCF2 /* Notification.Name+Extension.swift */ = {isa = PBXFileReference; lastKnownFileType = sourcecode.swift; path = "Notification.Name+Extension.swift"; sourceTree = "<group>"; };
		FA316D662A63A15100C7AA88 /* OnboardingCompleteViewController.swift */ = {isa = PBXFileReference; lastKnownFileType = sourcecode.swift; path = OnboardingCompleteViewController.swift; sourceTree = "<group>"; };
		FA316D682A63A18700C7AA88 /* MainTitleLabel.swift */ = {isa = PBXFileReference; lastKnownFileType = sourcecode.swift; path = MainTitleLabel.swift; sourceTree = "<group>"; };
		FA316D6B2A63BAB500C7AA88 /* TabBarViewController.swift */ = {isa = PBXFileReference; lastKnownFileType = sourcecode.swift; path = TabBarViewController.swift; sourceTree = "<group>"; };
		FA316D6E2A63FE8E00C7AA88 /* WritingViewController.swift */ = {isa = PBXFileReference; lastKnownFileType = sourcecode.swift; path = WritingViewController.swift; sourceTree = "<group>"; };
		FA316D732A64155B00C7AA88 /* UserManager.swift */ = {isa = PBXFileReference; lastKnownFileType = sourcecode.swift; path = UserManager.swift; sourceTree = "<group>"; };
		FA31A9432A6A33BE004D1C3B /* ChallengeHomeCell.swift */ = {isa = PBXFileReference; lastKnownFileType = sourcecode.swift; path = ChallengeHomeCell.swift; sourceTree = "<group>"; };
		FA31A9452A6A4BB8004D1C3B /* CiderInfoView.swift */ = {isa = PBXFileReference; lastKnownFileType = sourcecode.swift; path = CiderInfoView.swift; sourceTree = "<group>"; };
		FA32B8352A6A4F0B0086497D /* HomeViewController.swift */ = {isa = PBXFileReference; lastKnownFileType = sourcecode.swift; path = HomeViewController.swift; sourceTree = "<group>"; };
		FA32B8372A6A67EA0086497D /* Item.swift */ = {isa = PBXFileReference; lastKnownFileType = sourcecode.swift; path = Item.swift; sourceTree = "<group>"; };
		FA32B8392A6A6C2D0086497D /* HomeHeaderView.swift */ = {isa = PBXFileReference; lastKnownFileType = sourcecode.swift; path = HomeHeaderView.swift; sourceTree = "<group>"; };
		FA32B83B2A6A79070086497D /* HomeNavigationView.swift */ = {isa = PBXFileReference; lastKnownFileType = sourcecode.swift; path = HomeNavigationView.swift; sourceTree = "<group>"; };
		FA32B83D2A6A848C0086497D /* BannerCell.swift */ = {isa = PBXFileReference; lastKnownFileType = sourcecode.swift; path = BannerCell.swift; sourceTree = "<group>"; };
		FA348ECF2A61170800EA3D04 /* NicknameViewModel.swift */ = {isa = PBXFileReference; lastKnownFileType = sourcecode.swift; path = NicknameViewModel.swift; sourceTree = "<group>"; };
		FA348ED22A61180400EA3D04 /* NicknameUsecase.swift */ = {isa = PBXFileReference; lastKnownFileType = sourcecode.swift; path = NicknameUsecase.swift; sourceTree = "<group>"; };
		FA348ED42A61185500EA3D04 /* NicknameRepository.swift */ = {isa = PBXFileReference; lastKnownFileType = sourcecode.swift; path = NicknameRepository.swift; sourceTree = "<group>"; };
		FA348ED62A61190900EA3D04 /* RandomNicknameResponse.swift */ = {isa = PBXFileReference; lastKnownFileType = sourcecode.swift; path = RandomNicknameResponse.swift; sourceTree = "<group>"; };
		FA348ED82A6119B600EA3D04 /* DuplicateNicknameResponse.swift */ = {isa = PBXFileReference; lastKnownFileType = sourcecode.swift; path = DuplicateNicknameResponse.swift; sourceTree = "<group>"; };
		FA39D8482A4EA829001C7E0A /* AppAppearance.swift */ = {isa = PBXFileReference; lastKnownFileType = sourcecode.swift; path = AppAppearance.swift; sourceTree = "<group>"; };
		FA3AE4062A57D2970078A4DF /* GenderAndBirthdayViewModel.swift */ = {isa = PBXFileReference; lastKnownFileType = sourcecode.swift; path = GenderAndBirthdayViewModel.swift; sourceTree = "<group>"; };
		FA3AE4082A57D3D70078A4DF /* ViewModelType.swift */ = {isa = PBXFileReference; lastKnownFileType = sourcecode.swift; path = ViewModelType.swift; sourceTree = "<group>"; };
		FA3AE40C2A57DB140078A4DF /* CiderBottomButton.swift */ = {isa = PBXFileReference; lastKnownFileType = sourcecode.swift; path = CiderBottomButton.swift; sourceTree = "<group>"; };
		FA3C43222A62EA18009E820B /* OnboardingRequest.swift */ = {isa = PBXFileReference; lastKnownFileType = sourcecode.swift; path = OnboardingRequest.swift; sourceTree = "<group>"; };
		FA3C43242A62ECBA009E820B /* OnboardingUsecase.swift */ = {isa = PBXFileReference; lastKnownFileType = sourcecode.swift; path = OnboardingUsecase.swift; sourceTree = "<group>"; };
		FA3C43272A62ED37009E820B /* OnboardingRepository.swift */ = {isa = PBXFileReference; lastKnownFileType = sourcecode.swift; path = OnboardingRepository.swift; sourceTree = "<group>"; };
		FA3C43292A62F1FB009E820B /* OnboardingResponse.swift */ = {isa = PBXFileReference; lastKnownFileType = sourcecode.swift; path = OnboardingResponse.swift; sourceTree = "<group>"; };
		FA3C432B2A62F816009E820B /* Onboarding.swift */ = {isa = PBXFileReference; lastKnownFileType = sourcecode.swift; path = Onboarding.swift; sourceTree = "<group>"; };
		FA3C432D2A62FA0E009E820B /* Date+Extension.swift */ = {isa = PBXFileReference; lastKnownFileType = sourcecode.swift; path = "Date+Extension.swift"; sourceTree = "<group>"; };
		FA3C432F2A6300DF009E820B /* String+Extension.swift */ = {isa = PBXFileReference; lastKnownFileType = sourcecode.swift; path = "String+Extension.swift"; sourceTree = "<group>"; };
		FA3EC10A2A4DA488008AA4E3 /* ServiceAgreeHeaderView.swift */ = {isa = PBXFileReference; lastKnownFileType = sourcecode.swift; path = ServiceAgreeHeaderView.swift; sourceTree = "<group>"; };
		FA3FC7F92A6E92C60022CA3A /* HomeDetailViewController.swift */ = {isa = PBXFileReference; lastKnownFileType = sourcecode.swift; path = HomeDetailViewController.swift; sourceTree = "<group>"; };
		FA3FC7FB2A6E93B70022CA3A /* SortingHeaderView.swift */ = {isa = PBXFileReference; lastKnownFileType = sourcecode.swift; path = SortingHeaderView.swift; sourceTree = "<group>"; };
		FA3FC7FF2A6E94690022CA3A /* HomeDetailInfoCell.swift */ = {isa = PBXFileReference; lastKnownFileType = sourcecode.swift; path = HomeDetailInfoCell.swift; sourceTree = "<group>"; };
		FA3FC8022A6E95540022CA3A /* HomeDetailType.swift */ = {isa = PBXFileReference; lastKnownFileType = sourcecode.swift; path = HomeDetailType.swift; sourceTree = "<group>"; };
		FA4280622A70E68100828F93 /* ReviewType.swift */ = {isa = PBXFileReference; lastKnownFileType = sourcecode.swift; path = ReviewType.swift; sourceTree = "<group>"; };
		FA4280642A70E9A900828F93 /* ReviewStatusBarView.swift */ = {isa = PBXFileReference; lastKnownFileType = sourcecode.swift; path = ReviewStatusBarView.swift; sourceTree = "<group>"; };
		FA4280662A70F17800828F93 /* ReviewCell.swift */ = {isa = PBXFileReference; lastKnownFileType = sourcecode.swift; path = ReviewCell.swift; sourceTree = "<group>"; };
		FA4280682A721C7900828F93 /* ClosedChallengeCell.swift */ = {isa = PBXFileReference; lastKnownFileType = sourcecode.swift; path = ClosedChallengeCell.swift; sourceTree = "<group>"; };
		FA4280782A736C5800828F93 /* ChallengeDetailMenuCell.swift */ = {isa = PBXFileReference; lastKnownFileType = sourcecode.swift; path = ChallengeDetailMenuCell.swift; sourceTree = "<group>"; };
		FA42807A2A736F7600828F93 /* DynamicLabel.swift */ = {isa = PBXFileReference; lastKnownFileType = sourcecode.swift; path = DynamicLabel.swift; sourceTree = "<group>"; };
		FA42807C2A737C3600828F93 /* ChallengeDetailViewController.swift */ = {isa = PBXFileReference; lastKnownFileType = sourcecode.swift; path = ChallengeDetailViewController.swift; sourceTree = "<group>"; };
		FA42807E2A73882900828F93 /* ProgressBarView.swift */ = {isa = PBXFileReference; lastKnownFileType = sourcecode.swift; path = ProgressBarView.swift; sourceTree = "<group>"; };
		FA4280832A73ADF900828F93 /* ProgressBarCell.swift */ = {isa = PBXFileReference; lastKnownFileType = sourcecode.swift; path = ProgressBarCell.swift; sourceTree = "<group>"; };
		FA4280852A73D4B800828F93 /* ChallengeIntroCell.swift */ = {isa = PBXFileReference; lastKnownFileType = sourcecode.swift; path = ChallengeIntroCell.swift; sourceTree = "<group>"; };
		FA43C4E42A681E16001BB9B4 /* ChallengeOpenViewModel.swift */ = {isa = PBXFileReference; lastKnownFileType = sourcecode.swift; path = ChallengeOpenViewModel.swift; sourceTree = "<group>"; };
		FA44D3982A4C43B80037E328 /* Color+Extension.swift */ = {isa = PBXFileReference; lastKnownFileType = sourcecode.swift; path = "Color+Extension.swift"; sourceTree = "<group>"; };
		FA44D39A2A4C46A30037E328 /* CustomFont.swift */ = {isa = PBXFileReference; lastKnownFileType = sourcecode.swift; path = CustomFont.swift; sourceTree = "<group>"; };
		FA44D39C2A4C52DA0037E328 /* UIViewController+Extension.swift */ = {isa = PBXFileReference; lastKnownFileType = sourcecode.swift; path = "UIViewController+Extension.swift"; sourceTree = "<group>"; };
		FA44D39E2A4C5CE20037E328 /* UIStackView+Extension.swift */ = {isa = PBXFileReference; lastKnownFileType = sourcecode.swift; path = "UIStackView+Extension.swift"; sourceTree = "<group>"; };
		FA44D3A02A4C5D070037E328 /* UIView+Extension.swift */ = {isa = PBXFileReference; lastKnownFileType = sourcecode.swift; path = "UIView+Extension.swift"; sourceTree = "<group>"; };
		FA4A24B82A6FD6360078A86C /* SortingView.swift */ = {isa = PBXFileReference; lastKnownFileType = sourcecode.swift; path = SortingView.swift; sourceTree = "<group>"; };
		FA4A24BA2A7004540078A86C /* OngoingCell.swift */ = {isa = PBXFileReference; lastKnownFileType = sourcecode.swift; path = OngoingCell.swift; sourceTree = "<group>"; };
		FA4A24BC2A7012B90078A86C /* MyChallengeViewController.swift */ = {isa = PBXFileReference; lastKnownFileType = sourcecode.swift; path = MyChallengeViewController.swift; sourceTree = "<group>"; };
		FA4DDB8D2A4D3177002EDEAD /* ServiceAgreeViewController.swift */ = {isa = PBXFileReference; lastKnownFileType = sourcecode.swift; path = ServiceAgreeViewController.swift; sourceTree = "<group>"; };
		FA4DDB8F2A4D57D5002EDEAD /* ProcessType.swift */ = {isa = PBXFileReference; lastKnownFileType = sourcecode.swift; path = ProcessType.swift; sourceTree = "<group>"; };
		FA4DDB912A4D5810002EDEAD /* ServiceAgreeCellData.swift */ = {isa = PBXFileReference; lastKnownFileType = sourcecode.swift; path = ServiceAgreeCellData.swift; sourceTree = "<group>"; };
		FA4DDB942A4D5A46002EDEAD /* ServiceAgreeCell.swift */ = {isa = PBXFileReference; lastKnownFileType = sourcecode.swift; path = ServiceAgreeCell.swift; sourceTree = "<group>"; };
		FA4DDB962A4D66CB002EDEAD /* ServiceAgreeDetailCell.swift */ = {isa = PBXFileReference; lastKnownFileType = sourcecode.swift; path = ServiceAgreeDetailCell.swift; sourceTree = "<group>"; };
		FA4DF2992A6C191C007F3035 /* CategoryView.swift */ = {isa = PBXFileReference; lastKnownFileType = sourcecode.swift; path = CategoryView.swift; sourceTree = "<group>"; };
		FA4DF29B2A6C1F5D007F3035 /* CategoryHeaderView.swift */ = {isa = PBXFileReference; lastKnownFileType = sourcecode.swift; path = CategoryHeaderView.swift; sourceTree = "<group>"; };
		FA553EBC2A5C0D6900DAE63B /* APIKey.swift */ = {isa = PBXFileReference; lastKnownFileType = sourcecode.swift; path = APIKey.swift; sourceTree = "<group>"; };
		FA553EBE2A5C141B00DAE63B /* LoginUsecase.swift */ = {isa = PBXFileReference; lastKnownFileType = sourcecode.swift; path = LoginUsecase.swift; sourceTree = "<group>"; };
		FA56F9832A542FA70099EC6F /* GenderAndBirthdayViewController.swift */ = {isa = PBXFileReference; lastKnownFileType = sourcecode.swift; path = GenderAndBirthdayViewController.swift; sourceTree = "<group>"; };
		FA57AF442A5C16EE008A5991 /* LoginViewModel.swift */ = {isa = PBXFileReference; lastKnownFileType = sourcecode.swift; path = LoginViewModel.swift; sourceTree = "<group>"; };
		FA57AF4A2A5D0D72008A5991 /* CiderAPI.swift */ = {isa = PBXFileReference; lastKnownFileType = sourcecode.swift; path = CiderAPI.swift; sourceTree = "<group>"; };
		FA57AF4C2A5D0E2A008A5991 /* Keychain.swift */ = {isa = PBXFileReference; lastKnownFileType = sourcecode.swift; path = Keychain.swift; sourceTree = "<group>"; };
		FA57AF4E2A5D0EC7008A5991 /* LocalKey.swift */ = {isa = PBXFileReference; lastKnownFileType = sourcecode.swift; path = LocalKey.swift; sourceTree = "<group>"; };
		FA57AF562A5D14CC008A5991 /* LoginRequest.swift */ = {isa = PBXFileReference; lastKnownFileType = sourcecode.swift; path = LoginRequest.swift; sourceTree = "<group>"; };
		FA57AF592A5D154C008A5991 /* LoginResponse.swift */ = {isa = PBXFileReference; lastKnownFileType = sourcecode.swift; path = LoginResponse.swift; sourceTree = "<group>"; };
		FA57AF5C2A5D17A0008A5991 /* LoginRepository.swift */ = {isa = PBXFileReference; lastKnownFileType = sourcecode.swift; path = LoginRepository.swift; sourceTree = "<group>"; };
		FA57AF5F2A5D1851008A5991 /* Encodable+Extension.swift */ = {isa = PBXFileReference; lastKnownFileType = sourcecode.swift; path = "Encodable+Extension.swift"; sourceTree = "<group>"; };
		FA57AF622A5D22A0008A5991 /* LoginError.swift */ = {isa = PBXFileReference; lastKnownFileType = sourcecode.swift; path = LoginError.swift; sourceTree = "<group>"; };
		FA57AF642A5D3D02008A5991 /* Cider.entitlements */ = {isa = PBXFileReference; lastKnownFileType = text.plist.entitlements; path = Cider.entitlements; sourceTree = "<group>"; };
		FA57AF652A5D6EF5008A5991 /* ChallengeOpenViewController.swift */ = {isa = PBXFileReference; lastKnownFileType = sourcecode.swift; path = ChallengeOpenViewController.swift; sourceTree = "<group>"; };
		FA57AF6A2A5D73F8008A5991 /* ChallengeOpenCell.swift */ = {isa = PBXFileReference; lastKnownFileType = sourcecode.swift; path = ChallengeOpenCell.swift; sourceTree = "<group>"; };
		FA57AF6C2A5D76EF008A5991 /* UIPreview.swift */ = {isa = PBXFileReference; lastKnownFileType = sourcecode.swift; path = UIPreview.swift; sourceTree = "<group>"; };
		FA57AF742A5E9DED008A5991 /* CiderTextView.swift */ = {isa = PBXFileReference; lastKnownFileType = sourcecode.swift; path = CiderTextView.swift; sourceTree = "<group>"; };
		FA5B8BE02A4DCAE000CEB0F6 /* UITextField+Extension.swift */ = {isa = PBXFileReference; lastKnownFileType = sourcecode.swift; path = "UITextField+Extension.swift"; sourceTree = "<group>"; };
		FA6100252A57F725002175CE /* ChallengeSelectionViewController.swift */ = {isa = PBXFileReference; lastKnownFileType = sourcecode.swift; path = ChallengeSelectionViewController.swift; sourceTree = "<group>"; };
		FA6100272A57FA46002175CE /* ChallengeType.swift */ = {isa = PBXFileReference; lastKnownFileType = sourcecode.swift; path = ChallengeType.swift; sourceTree = "<group>"; };
		FA6100292A57FC14002175CE /* ChallengesView.swift */ = {isa = PBXFileReference; lastKnownFileType = sourcecode.swift; path = ChallengesView.swift; sourceTree = "<group>"; };
		FA61002B2A5816E5002175CE /* KeywordsView.swift */ = {isa = PBXFileReference; lastKnownFileType = sourcecode.swift; path = KeywordsView.swift; sourceTree = "<group>"; };
		FA61002D2A58180E002175CE /* CiderSelectionStyle.swift */ = {isa = PBXFileReference; lastKnownFileType = sourcecode.swift; path = CiderSelectionStyle.swift; sourceTree = "<group>"; };
		FA61002F2A590431002175CE /* ChallengeSelectionViewModel.swift */ = {isa = PBXFileReference; lastKnownFileType = sourcecode.swift; path = ChallengeSelectionViewModel.swift; sourceTree = "<group>"; };
		FA6100312A59AD8D002175CE /* GradientView.swift */ = {isa = PBXFileReference; lastKnownFileType = sourcecode.swift; path = GradientView.swift; sourceTree = "<group>"; };
		FA6100332A59BAEA002175CE /* ServiceAgreeViewModel.swift */ = {isa = PBXFileReference; lastKnownFileType = sourcecode.swift; path = ServiceAgreeViewModel.swift; sourceTree = "<group>"; };
		FA6AE8AF2A6045AB00512EE1 /* ChallengeOpenSelectionType.swift */ = {isa = PBXFileReference; lastKnownFileType = sourcecode.swift; path = ChallengeOpenSelectionType.swift; sourceTree = "<group>"; };
		FA6AE8B12A6047CB00512EE1 /* UITextView+Extension.swift */ = {isa = PBXFileReference; lastKnownFileType = sourcecode.swift; path = "UITextView+Extension.swift"; sourceTree = "<group>"; };
		FA6C21662A5A4DD3008A9ADD /* CiderTextFieldView.swift */ = {isa = PBXFileReference; lastKnownFileType = sourcecode.swift; path = CiderTextFieldView.swift; sourceTree = "<group>"; };
		FA6C21682A5A4E21008A9ADD /* CiderEnabledStyle.swift */ = {isa = PBXFileReference; lastKnownFileType = sourcecode.swift; path = CiderEnabledStyle.swift; sourceTree = "<group>"; };
		FA6C216A2A5A78C4008A9ADD /* RandomNicknameView.swift */ = {isa = PBXFileReference; lastKnownFileType = sourcecode.swift; path = RandomNicknameView.swift; sourceTree = "<group>"; };
		FA758AC72A5EF418003E2F07 /* StarTitleLabel.swift */ = {isa = PBXFileReference; lastKnownFileType = sourcecode.swift; path = StarTitleLabel.swift; sourceTree = "<group>"; };
		FA758AC92A5EF528003E2F07 /* ChallengeOpenSelectionView.swift */ = {isa = PBXFileReference; lastKnownFileType = sourcecode.swift; path = ChallengeOpenSelectionView.swift; sourceTree = "<group>"; };
		FA758ACB2A5F0316003E2F07 /* MissionPhotoView.swift */ = {isa = PBXFileReference; lastKnownFileType = sourcecode.swift; path = MissionPhotoView.swift; sourceTree = "<group>"; };
		FA758ACD2A5F0374003E2F07 /* ChallengeResultType.swift */ = {isa = PBXFileReference; lastKnownFileType = sourcecode.swift; path = ChallengeResultType.swift; sourceTree = "<group>"; };
		FA8CA6032A46D322005A6709 /* Cider.app */ = {isa = PBXFileReference; explicitFileType = wrapper.application; includeInIndex = 0; path = Cider.app; sourceTree = BUILT_PRODUCTS_DIR; };
		FA8CA6062A46D322005A6709 /* AppDelegate.swift */ = {isa = PBXFileReference; lastKnownFileType = sourcecode.swift; path = AppDelegate.swift; sourceTree = "<group>"; };
		FA8CA6082A46D322005A6709 /* SceneDelegate.swift */ = {isa = PBXFileReference; lastKnownFileType = sourcecode.swift; path = SceneDelegate.swift; sourceTree = "<group>"; };
		FA8CA60A2A46D322005A6709 /* LoginViewController.swift */ = {isa = PBXFileReference; lastKnownFileType = sourcecode.swift; path = LoginViewController.swift; sourceTree = "<group>"; };
		FA8CA60F2A46D324005A6709 /* Assets.xcassets */ = {isa = PBXFileReference; lastKnownFileType = folder.assetcatalog; path = Assets.xcassets; sourceTree = "<group>"; };
		FA8CA6122A46D324005A6709 /* Base */ = {isa = PBXFileReference; lastKnownFileType = file.storyboard; name = Base; path = Base.lproj/LaunchScreen.storyboard; sourceTree = "<group>"; };
		FA8CA6142A46D324005A6709 /* Info.plist */ = {isa = PBXFileReference; lastKnownFileType = text.plist.xml; path = Info.plist; sourceTree = "<group>"; };
		FA8CA6232A49B541005A6709 /* Pretendard-Bold.otf */ = {isa = PBXFileReference; lastKnownFileType = file; path = "Pretendard-Bold.otf"; sourceTree = "<group>"; };
		FA8CA6242A49B541005A6709 /* Pretendard-Regular.otf */ = {isa = PBXFileReference; lastKnownFileType = file; path = "Pretendard-Regular.otf"; sourceTree = "<group>"; };
		FA8CA6252A49B541005A6709 /* Pretendard-Medium.otf */ = {isa = PBXFileReference; lastKnownFileType = file; path = "Pretendard-Medium.otf"; sourceTree = "<group>"; };
		FAB9A73A2A4C64CF00757A80 /* UILabel+Extension.swift */ = {isa = PBXFileReference; lastKnownFileType = sourcecode.swift; path = "UILabel+Extension.swift"; sourceTree = "<group>"; };
		FAB9A73E2A4C8DAA00757A80 /* ProcessView.swift */ = {isa = PBXFileReference; lastKnownFileType = sourcecode.swift; path = ProcessView.swift; sourceTree = "<group>"; };
		FABF17522A70D8910073C13B /* SeparatorFooterView.swift */ = {isa = PBXFileReference; lastKnownFileType = sourcecode.swift; path = SeparatorFooterView.swift; sourceTree = "<group>"; };
		FAD6E3D32A64F2A6002C8007 /* WritingView.swift */ = {isa = PBXFileReference; lastKnownFileType = sourcecode.swift; path = WritingView.swift; sourceTree = "<group>"; };
		FAD6E3D52A64F2F5002C8007 /* WritingType.swift */ = {isa = PBXFileReference; lastKnownFileType = sourcecode.swift; path = WritingType.swift; sourceTree = "<group>"; };
		FAD6E3D72A64F9B5002C8007 /* ChallengeTypeViewController.swift */ = {isa = PBXFileReference; lastKnownFileType = sourcecode.swift; path = ChallengeTypeViewController.swift; sourceTree = "<group>"; };
/* End PBXFileReference section */

/* Begin PBXFrameworksBuildPhase section */
		FA8CA6002A46D322005A6709 /* Frameworks */ = {
			isa = PBXFrameworksBuildPhase;
			buildActionMask = 2147483647;
			files = (
				FA553EB22A5C026300DAE63B /* KakaoSDK in Frameworks */,
				FA553EB62A5C026300DAE63B /* KakaoSDKCommon in Frameworks */,
				FA57AF482A5C5116008A5991 /* Moya in Frameworks */,
				FA553EB42A5C026300DAE63B /* KakaoSDKAuth in Frameworks */,
			);
			runOnlyForDeploymentPostprocessing = 0;
		};
/* End PBXFrameworksBuildPhase section */

/* Begin PBXGroup section */
		FA2A06552A69006B00AC649F /* Home */ = {
			isa = PBXGroup;
			children = (
				FA31A9472A6A4E30004D1C3B /* Views */,
				FA2A06562A69010A00AC649F /* SubViews */,
			);
			path = Home;
			sourceTree = "<group>";
		};
		FA2A06562A69010A00AC649F /* SubViews */ = {
			isa = PBXGroup;
			children = (
				FABF17512A70D86E0073C13B /* FooterView */,
				FA3FC7FE2A6E93C70022CA3A /* Cell */,
				FA3FC7FD2A6E93BB0022CA3A /* HeaderView */,
				FA2A06572A69014100AC649F /* ChallengeHomeView.swift */,
				FA31A9452A6A4BB8004D1C3B /* CiderInfoView.swift */,
				FA32B83B2A6A79070086497D /* HomeNavigationView.swift */,
				FA4DF2992A6C191C007F3035 /* CategoryView.swift */,
				FA4A24B82A6FD6360078A86C /* SortingView.swift */,
				FA4280642A70E9A900828F93 /* ReviewStatusBarView.swift */,
			);
			path = SubViews;
			sourceTree = "<group>";
		};
		FA316D6A2A63BA8B00C7AA88 /* Tabbar */ = {
			isa = PBXGroup;
			children = (
				FA316D6B2A63BAB500C7AA88 /* TabBarViewController.swift */,
			);
			path = Tabbar;
			sourceTree = "<group>";
		};
		FA316D6D2A63FE5B00C7AA88 /* Writing */ = {
			isa = PBXGroup;
			children = (
				FAD6E3D22A64F28B002C8007 /* SubViews */,
				FAD6E3D12A64F283002C8007 /* Views */,
			);
			path = Writing;
			sourceTree = "<group>";
		};
		FA316D702A6413B800C7AA88 /* Type */ = {
			isa = PBXGroup;
			children = (
				FA3C432B2A62F816009E820B /* Onboarding.swift */,
				FA4DDB912A4D5810002EDEAD /* ServiceAgreeCellData.swift */,
				FA6AE8AF2A6045AB00512EE1 /* ChallengeOpenSelectionType.swift */,
				FA758ACD2A5F0374003E2F07 /* ChallengeResultType.swift */,
				FA6100272A57FA46002175CE /* ChallengeType.swift */,
				FA3AE4082A57D3D70078A4DF /* ViewModelType.swift */,
				FA4DDB8F2A4D57D5002EDEAD /* ProcessType.swift */,
				FAD6E3D52A64F2F5002C8007 /* WritingType.swift */,
				FA32B8372A6A67EA0086497D /* Item.swift */,
				FA3FC8022A6E95540022CA3A /* HomeDetailType.swift */,
				FA4280622A70E68100828F93 /* ReviewType.swift */,
			);
			path = Type;
			sourceTree = "<group>";
		};
		FA316D712A6414D500C7AA88 /* Storages */ = {
			isa = PBXGroup;
			children = (
				FA57AF4C2A5D0E2A008A5991 /* Keychain.swift */,
				FA57AF4E2A5D0EC7008A5991 /* LocalKey.swift */,
				FA316D732A64155B00C7AA88 /* UserManager.swift */,
			);
			path = Storages;
			sourceTree = "<group>";
		};
		FA31A9472A6A4E30004D1C3B /* Views */ = {
			isa = PBXGroup;
			children = (
				FA32B8352A6A4F0B0086497D /* HomeViewController.swift */,
				FA3FC7F92A6E92C60022CA3A /* HomeDetailViewController.swift */,
				FA4A24BC2A7012B90078A86C /* MyChallengeViewController.swift */,
			);
			path = Views;
			sourceTree = "<group>";
		};
		FA3AE4052A57D2850078A4DF /* ViewModels */ = {
			isa = PBXGroup;
			children = (
				FA57AF442A5C16EE008A5991 /* LoginViewModel.swift */,
				FA6100332A59BAEA002175CE /* ServiceAgreeViewModel.swift */,
				FA348ECF2A61170800EA3D04 /* NicknameViewModel.swift */,
				FA3AE4062A57D2970078A4DF /* GenderAndBirthdayViewModel.swift */,
				FA61002F2A590431002175CE /* ChallengeSelectionViewModel.swift */,
			);
			path = ViewModels;
			sourceTree = "<group>";
		};
		FA3FC7FD2A6E93BB0022CA3A /* HeaderView */ = {
			isa = PBXGroup;
			children = (
				FA32B8392A6A6C2D0086497D /* HomeHeaderView.swift */,
				FA4DF29B2A6C1F5D007F3035 /* CategoryHeaderView.swift */,
				FA3FC7FB2A6E93B70022CA3A /* SortingHeaderView.swift */,
			);
			path = HeaderView;
			sourceTree = "<group>";
		};
		FA3FC7FE2A6E93C70022CA3A /* Cell */ = {
			isa = PBXGroup;
			children = (
				FA31A9432A6A33BE004D1C3B /* ChallengeHomeCell.swift */,
				FA32B83D2A6A848C0086497D /* BannerCell.swift */,
				FA08D99A2A6D78CE0061C567 /* FeedCell.swift */,
				FA3FC7FF2A6E94690022CA3A /* HomeDetailInfoCell.swift */,
				FA4A24BA2A7004540078A86C /* OngoingCell.swift */,
				FA4280662A70F17800828F93 /* ReviewCell.swift */,
				FA4280682A721C7900828F93 /* ClosedChallengeCell.swift */,
			);
			path = Cell;
			sourceTree = "<group>";
		};
		FA4280752A736BDF00828F93 /* ChallengeDetail */ = {
			isa = PBXGroup;
			children = (
				FA4280762A736BE700828F93 /* Views */,
				FA4280772A736BEC00828F93 /* SubViews */,
			);
			path = ChallengeDetail;
			sourceTree = "<group>";
		};
		FA4280762A736BE700828F93 /* Views */ = {
			isa = PBXGroup;
			children = (
				FA42807C2A737C3600828F93 /* ChallengeDetailViewController.swift */,
			);
			path = Views;
			sourceTree = "<group>";
		};
		FA4280772A736BEC00828F93 /* SubViews */ = {
			isa = PBXGroup;
			children = (
				FA4280822A73ADDF00828F93 /* Cell */,
				FA42807E2A73882900828F93 /* ProgressBarView.swift */,
			);
			path = SubViews;
			sourceTree = "<group>";
		};
		FA4280822A73ADDF00828F93 /* Cell */ = {
			isa = PBXGroup;
			children = (
				FA4280782A736C5800828F93 /* ChallengeDetailMenuCell.swift */,
				FA4280832A73ADF900828F93 /* ProgressBarCell.swift */,
				FA4280852A73D4B800828F93 /* ChallengeIntroCell.swift */,
			);
			path = Cell;
			sourceTree = "<group>";
		};
		FA43C4E32A681E08001BB9B4 /* ViewModels */ = {
			isa = PBXGroup;
			children = (
				FA43C4E42A681E16001BB9B4 /* ChallengeOpenViewModel.swift */,
				FA2A064F2A68DF5B00AC649F /* PrecautionViewModel.swift */,
			);
			path = ViewModels;
			sourceTree = "<group>";
		};
		FA44D38D2A4C3CB10037E328 /* Presentation */ = {
			isa = PBXGroup;
			children = (
				FA4280752A736BDF00828F93 /* ChallengeDetail */,
				FA2A06552A69006B00AC649F /* Home */,
				FA316D6D2A63FE5B00C7AA88 /* Writing */,
				FA316D6A2A63BA8B00C7AA88 /* Tabbar */,
				FA57AF672A5D7374008A5991 /* ChallengeOpen */,
				FA44D38E2A4C3CBA0037E328 /* Auth */,
			);
			path = Presentation;
			sourceTree = "<group>";
		};
		FA44D38E2A4C3CBA0037E328 /* Auth */ = {
			isa = PBXGroup;
			children = (
				FA3AE4052A57D2850078A4DF /* ViewModels */,
				FA44D38F2A4C3CEE0037E328 /* Views */,
				FA4DDB932A4D5A1B002EDEAD /* SubViews */,
			);
			path = Auth;
			sourceTree = "<group>";
		};
		FA44D38F2A4C3CEE0037E328 /* Views */ = {
			isa = PBXGroup;
			children = (
				FA8CA60A2A46D322005A6709 /* LoginViewController.swift */,
				FA4DDB8D2A4D3177002EDEAD /* ServiceAgreeViewController.swift */,
				FA0322802A4DC2B0000993DF /* NicknameViewController.swift */,
				FA56F9832A542FA70099EC6F /* GenderAndBirthdayViewController.swift */,
				FA6100252A57F725002175CE /* ChallengeSelectionViewController.swift */,
				FA316D662A63A15100C7AA88 /* OnboardingCompleteViewController.swift */,
			);
			path = Views;
			sourceTree = "<group>";
		};
		FA44D3902A4C3DB00037E328 /* Domain */ = {
			isa = PBXGroup;
			children = (
				FA44D3922A4C3DCA0037E328 /* UseCases */,
				FA44D3912A4C3DBE0037E328 /* Entities */,
			);
			path = Domain;
			sourceTree = "<group>";
		};
		FA44D3912A4C3DBE0037E328 /* Entities */ = {
			isa = PBXGroup;
			children = (
			);
			path = Entities;
			sourceTree = "<group>";
		};
		FA44D3922A4C3DCA0037E328 /* UseCases */ = {
			isa = PBXGroup;
			children = (
				FA553EBE2A5C141B00DAE63B /* LoginUsecase.swift */,
				FA348ED22A61180400EA3D04 /* NicknameUsecase.swift */,
				FA3C43242A62ECBA009E820B /* OnboardingUsecase.swift */,
			);
			path = UseCases;
			sourceTree = "<group>";
		};
		FA44D3932A4C3DF10037E328 /* Data */ = {
			isa = PBXGroup;
			children = (
				FA316D712A6414D500C7AA88 /* Storages */,
				FA57AF5B2A5D1780008A5991 /* Repositories */,
				FA57AF492A5D0D63008A5991 /* Network */,
			);
			path = Data;
			sourceTree = "<group>";
		};
		FA44D3942A4C3E150037E328 /* Common */ = {
			isa = PBXGroup;
			children = (
				FA316D702A6413B800C7AA88 /* Type */,
				FA758AC62A5EF191003E2F07 /* Component */,
				FA44D3972A4C43A70037E328 /* Extension */,
				FA39D8482A4EA829001C7E0A /* AppAppearance.swift */,
				FA553EBC2A5C0D6900DAE63B /* APIKey.swift */,
				FA57AF6C2A5D76EF008A5991 /* UIPreview.swift */,
			);
			path = Common;
			sourceTree = "<group>";
		};
		FA44D3952A4C3E1B0037E328 /* Resources */ = {
			isa = PBXGroup;
			children = (
				FA8CA6222A49B51F005A6709 /* Font */,
				FA8CA60F2A46D324005A6709 /* Assets.xcassets */,
				FA8CA6112A46D324005A6709 /* LaunchScreen.storyboard */,
				FA8CA6142A46D324005A6709 /* Info.plist */,
			);
			path = Resources;
			sourceTree = "<group>";
		};
		FA44D3962A4C3E290037E328 /* Application */ = {
			isa = PBXGroup;
			children = (
				FA8CA6062A46D322005A6709 /* AppDelegate.swift */,
				FA8CA6082A46D322005A6709 /* SceneDelegate.swift */,
			);
			path = Application;
			sourceTree = "<group>";
		};
		FA44D3972A4C43A70037E328 /* Extension */ = {
			isa = PBXGroup;
			children = (
				FA44D3982A4C43B80037E328 /* Color+Extension.swift */,
				FA44D39C2A4C52DA0037E328 /* UIViewController+Extension.swift */,
				FA44D39E2A4C5CE20037E328 /* UIStackView+Extension.swift */,
				FA44D3A02A4C5D070037E328 /* UIView+Extension.swift */,
				FAB9A73A2A4C64CF00757A80 /* UILabel+Extension.swift */,
				FA5B8BE02A4DCAE000CEB0F6 /* UITextField+Extension.swift */,
				FA57AF5F2A5D1851008A5991 /* Encodable+Extension.swift */,
				FA6AE8B12A6047CB00512EE1 /* UITextView+Extension.swift */,
				FA3C432D2A62FA0E009E820B /* Date+Extension.swift */,
				FA3C432F2A6300DF009E820B /* String+Extension.swift */,
				FA2F052E2A683E9E00E2CCF2 /* Notification.Name+Extension.swift */,
			);
			path = Extension;
			sourceTree = "<group>";
		};
		FA4DDB932A4D5A1B002EDEAD /* SubViews */ = {
			isa = PBXGroup;
			children = (
				FAB9A73E2A4C8DAA00757A80 /* ProcessView.swift */,
				FA4DDB942A4D5A46002EDEAD /* ServiceAgreeCell.swift */,
				FA4DDB962A4D66CB002EDEAD /* ServiceAgreeDetailCell.swift */,
				FA3EC10A2A4DA488008AA4E3 /* ServiceAgreeHeaderView.swift */,
				FA6100292A57FC14002175CE /* ChallengesView.swift */,
				FA61002B2A5816E5002175CE /* KeywordsView.swift */,
				FA6C216A2A5A78C4008A9ADD /* RandomNicknameView.swift */,
			);
			path = SubViews;
			sourceTree = "<group>";
		};
		FA57AF492A5D0D63008A5991 /* Network */ = {
			isa = PBXGroup;
			children = (
				FA57AF612A5D209D008A5991 /* Error */,
				FA57AF552A5D14C1008A5991 /* Response */,
				FA57AF542A5D14B7008A5991 /* Request */,
				FA57AF4A2A5D0D72008A5991 /* CiderAPI.swift */,
			);
			path = Network;
			sourceTree = "<group>";
		};
		FA57AF542A5D14B7008A5991 /* Request */ = {
			isa = PBXGroup;
			children = (
				FA57AF562A5D14CC008A5991 /* LoginRequest.swift */,
				FA3C43222A62EA18009E820B /* OnboardingRequest.swift */,
			);
			path = Request;
			sourceTree = "<group>";
		};
		FA57AF552A5D14C1008A5991 /* Response */ = {
			isa = PBXGroup;
			children = (
				FA57AF592A5D154C008A5991 /* LoginResponse.swift */,
				FA348ED62A61190900EA3D04 /* RandomNicknameResponse.swift */,
				FA348ED82A6119B600EA3D04 /* DuplicateNicknameResponse.swift */,
				FA3C43292A62F1FB009E820B /* OnboardingResponse.swift */,
			);
			path = Response;
			sourceTree = "<group>";
		};
		FA57AF5B2A5D1780008A5991 /* Repositories */ = {
			isa = PBXGroup;
			children = (
				FA57AF5C2A5D17A0008A5991 /* LoginRepository.swift */,
				FA348ED42A61185500EA3D04 /* NicknameRepository.swift */,
				FA3C43272A62ED37009E820B /* OnboardingRepository.swift */,
			);
			path = Repositories;
			sourceTree = "<group>";
		};
		FA57AF612A5D209D008A5991 /* Error */ = {
			isa = PBXGroup;
			children = (
				FA57AF622A5D22A0008A5991 /* LoginError.swift */,
			);
			path = Error;
			sourceTree = "<group>";
		};
		FA57AF672A5D7374008A5991 /* ChallengeOpen */ = {
			isa = PBXGroup;
			children = (
				FA43C4E32A681E08001BB9B4 /* ViewModels */,
				FA57AF692A5D73C4008A5991 /* SubViews */,
				FA57AF682A5D7385008A5991 /* Views */,
			);
			path = ChallengeOpen;
			sourceTree = "<group>";
		};
		FA57AF682A5D7385008A5991 /* Views */ = {
			isa = PBXGroup;
			children = (
				FAD6E3D72A64F9B5002C8007 /* ChallengeTypeViewController.swift */,
				FA57AF652A5D6EF5008A5991 /* ChallengeOpenViewController.swift */,
				FA2A064D2A68DCE000AC649F /* PrecautionViewController.swift */,
				FA2A06532A68F31C00AC649F /* ChallengeCompleteViewController.swift */,
			);
			path = Views;
			sourceTree = "<group>";
		};
		FA57AF692A5D73C4008A5991 /* SubViews */ = {
			isa = PBXGroup;
			children = (
				FA57AF6A2A5D73F8008A5991 /* ChallengeOpenCell.swift */,
				FA758AC72A5EF418003E2F07 /* StarTitleLabel.swift */,
				FA758AC92A5EF528003E2F07 /* ChallengeOpenSelectionView.swift */,
				FA758ACB2A5F0316003E2F07 /* MissionPhotoView.swift */,
				FA2A064B2A68DC0F00AC649F /* PrecautionView.swift */,
				FA2A06512A68F19700AC649F /* ReviewInfoView.swift */,
			);
			path = SubViews;
			sourceTree = "<group>";
		};
		FA758AC62A5EF191003E2F07 /* Component */ = {
			isa = PBXGroup;
			children = (
				FA3AE40C2A57DB140078A4DF /* CiderBottomButton.swift */,
				FA61002D2A58180E002175CE /* CiderSelectionStyle.swift */,
				FA6100312A59AD8D002175CE /* GradientView.swift */,
				FA6C21662A5A4DD3008A9ADD /* CiderTextFieldView.swift */,
				FA6C21682A5A4E21008A9ADD /* CiderEnabledStyle.swift */,
				FA57AF742A5E9DED008A5991 /* CiderTextView.swift */,
				FA316D682A63A18700C7AA88 /* MainTitleLabel.swift */,
				FA42807A2A736F7600828F93 /* DynamicLabel.swift */,
			);
			path = Component;
			sourceTree = "<group>";
		};
		FA8CA5FA2A46D322005A6709 = {
			isa = PBXGroup;
			children = (
				FA8CA6052A46D322005A6709 /* Cider */,
				FA8CA6042A46D322005A6709 /* Products */,
			);
			sourceTree = "<group>";
		};
		FA8CA6042A46D322005A6709 /* Products */ = {
			isa = PBXGroup;
			children = (
				FA8CA6032A46D322005A6709 /* Cider.app */,
			);
			name = Products;
			sourceTree = "<group>";
		};
		FA8CA6052A46D322005A6709 /* Cider */ = {
			isa = PBXGroup;
			children = (
				FA57AF642A5D3D02008A5991 /* Cider.entitlements */,
				FA44D3962A4C3E290037E328 /* Application */,
				FA44D3952A4C3E1B0037E328 /* Resources */,
				FA44D3942A4C3E150037E328 /* Common */,
				FA44D38D2A4C3CB10037E328 /* Presentation */,
				FA44D3902A4C3DB00037E328 /* Domain */,
				FA44D3932A4C3DF10037E328 /* Data */,
			);
			path = Cider;
			sourceTree = "<group>";
		};
		FA8CA6222A49B51F005A6709 /* Font */ = {
			isa = PBXGroup;
			children = (
				FA8CA6232A49B541005A6709 /* Pretendard-Bold.otf */,
				FA8CA6252A49B541005A6709 /* Pretendard-Medium.otf */,
				FA8CA6242A49B541005A6709 /* Pretendard-Regular.otf */,
				FA44D39A2A4C46A30037E328 /* CustomFont.swift */,
			);
			path = Font;
			sourceTree = "<group>";
		};
		FABF17512A70D86E0073C13B /* FooterView */ = {
			isa = PBXGroup;
			children = (
				FABF17522A70D8910073C13B /* SeparatorFooterView.swift */,
			);
			path = FooterView;
			sourceTree = "<group>";
		};
		FAD6E3D12A64F283002C8007 /* Views */ = {
			isa = PBXGroup;
			children = (
				FA316D6E2A63FE8E00C7AA88 /* WritingViewController.swift */,
			);
			path = Views;
			sourceTree = "<group>";
		};
		FAD6E3D22A64F28B002C8007 /* SubViews */ = {
			isa = PBXGroup;
			children = (
				FAD6E3D32A64F2A6002C8007 /* WritingView.swift */,
			);
			path = SubViews;
			sourceTree = "<group>";
		};
/* End PBXGroup section */

/* Begin PBXNativeTarget section */
		FA8CA6022A46D322005A6709 /* Cider */ = {
			isa = PBXNativeTarget;
			buildConfigurationList = FA8CA6172A46D324005A6709 /* Build configuration list for PBXNativeTarget "Cider" */;
			buildPhases = (
				FA8CA5FF2A46D322005A6709 /* Sources */,
				FA8CA6002A46D322005A6709 /* Frameworks */,
				FA8CA6012A46D322005A6709 /* Resources */,
			);
			buildRules = (
			);
			dependencies = (
			);
			name = Cider;
			packageProductDependencies = (
				FA553EB12A5C026300DAE63B /* KakaoSDK */,
				FA553EB32A5C026300DAE63B /* KakaoSDKAuth */,
				FA553EB52A5C026300DAE63B /* KakaoSDKCommon */,
				FA57AF472A5C5116008A5991 /* Moya */,
			);
			productName = Cider;
			productReference = FA8CA6032A46D322005A6709 /* Cider.app */;
			productType = "com.apple.product-type.application";
		};
/* End PBXNativeTarget section */

/* Begin PBXProject section */
		FA8CA5FB2A46D322005A6709 /* Project object */ = {
			isa = PBXProject;
			attributes = {
				BuildIndependentTargetsInParallel = 1;
				LastSwiftUpdateCheck = 1420;
				LastUpgradeCheck = 1420;
				TargetAttributes = {
					FA8CA6022A46D322005A6709 = {
						CreatedOnToolsVersion = 14.2;
					};
				};
			};
			buildConfigurationList = FA8CA5FE2A46D322005A6709 /* Build configuration list for PBXProject "Cider" */;
			compatibilityVersion = "Xcode 14.0";
			developmentRegion = en;
			hasScannedForEncodings = 0;
			knownRegions = (
				en,
				Base,
			);
			mainGroup = FA8CA5FA2A46D322005A6709;
			packageReferences = (
				FA553EB02A5C026300DAE63B /* XCRemoteSwiftPackageReference "kakao-ios-sdk" */,
				FA57AF462A5C5116008A5991 /* XCRemoteSwiftPackageReference "Moya" */,
			);
			productRefGroup = FA8CA6042A46D322005A6709 /* Products */;
			projectDirPath = "";
			projectRoot = "";
			targets = (
				FA8CA6022A46D322005A6709 /* Cider */,
			);
		};
/* End PBXProject section */

/* Begin PBXResourcesBuildPhase section */
		FA8CA6012A46D322005A6709 /* Resources */ = {
			isa = PBXResourcesBuildPhase;
			buildActionMask = 2147483647;
			files = (
				FA8CA6132A46D324005A6709 /* LaunchScreen.storyboard in Resources */,
				FA8CA6262A49B541005A6709 /* Pretendard-Bold.otf in Resources */,
				FA8CA6272A49B541005A6709 /* Pretendard-Regular.otf in Resources */,
				FA8CA6102A46D324005A6709 /* Assets.xcassets in Resources */,
				FA8CA6282A49B541005A6709 /* Pretendard-Medium.otf in Resources */,
			);
			runOnlyForDeploymentPostprocessing = 0;
		};
/* End PBXResourcesBuildPhase section */

/* Begin PBXSourcesBuildPhase section */
		FA8CA5FF2A46D322005A6709 /* Sources */ = {
			isa = PBXSourcesBuildPhase;
			buildActionMask = 2147483647;
			files = (
				FA61002C2A5816E5002175CE /* KeywordsView.swift in Sources */,
				FA57AF5D2A5D17A0008A5991 /* LoginRepository.swift in Sources */,
				FA6C216B2A5A78C4008A9ADD /* RandomNicknameView.swift in Sources */,
				FA57AF4D2A5D0E2A008A5991 /* Keychain.swift in Sources */,
				FABF17532A70D8910073C13B /* SeparatorFooterView.swift in Sources */,
				FA3AE4092A57D3D70078A4DF /* ViewModelType.swift in Sources */,
				FA2A06582A69014100AC649F /* ChallengeHomeView.swift in Sources */,
				FA3C432A2A62F1FB009E820B /* OnboardingResponse.swift in Sources */,
				FA6C21672A5A4DD3008A9ADD /* CiderTextFieldView.swift in Sources */,
				FA6100322A59AD8D002175CE /* GradientView.swift in Sources */,
				FA3C43232A62EA18009E820B /* OnboardingRequest.swift in Sources */,
				FA758ACE2A5F0374003E2F07 /* ChallengeResultType.swift in Sources */,
				FA3EC10B2A4DA488008AA4E3 /* ServiceAgreeHeaderView.swift in Sources */,
				FA3C43302A6300DF009E820B /* String+Extension.swift in Sources */,
				FA43C4E52A681E16001BB9B4 /* ChallengeOpenViewModel.swift in Sources */,
				FA316D6F2A63FE8E00C7AA88 /* WritingViewController.swift in Sources */,
				FA39D8492A4EA829001C7E0A /* AppAppearance.swift in Sources */,
				FA2A06542A68F31C00AC649F /* ChallengeCompleteViewController.swift in Sources */,
				FA44D3A12A4C5D070037E328 /* UIView+Extension.swift in Sources */,
				FA31A9462A6A4BB8004D1C3B /* CiderInfoView.swift in Sources */,
				FA32B8362A6A4F0B0086497D /* HomeViewController.swift in Sources */,
				FA57AF6D2A5D76EF008A5991 /* UIPreview.swift in Sources */,
				FA57AF662A5D6EF5008A5991 /* ChallengeOpenViewController.swift in Sources */,
				FA6AE8B22A6047CB00512EE1 /* UITextView+Extension.swift in Sources */,
				FA44D39D2A4C52DA0037E328 /* UIViewController+Extension.swift in Sources */,
				FA316D6C2A63BAB500C7AA88 /* TabBarViewController.swift in Sources */,
				FA3C43252A62ECBA009E820B /* OnboardingUsecase.swift in Sources */,
				FA4280792A736C5900828F93 /* ChallengeDetailMenuCell.swift in Sources */,
				FA758AC82A5EF418003E2F07 /* StarTitleLabel.swift in Sources */,
				FAD6E3D62A64F2F5002C8007 /* WritingType.swift in Sources */,
				FA32B83A2A6A6C2D0086497D /* HomeHeaderView.swift in Sources */,
				FA4DF29C2A6C1F5D007F3035 /* CategoryHeaderView.swift in Sources */,
				FA32B8382A6A67EA0086497D /* Item.swift in Sources */,
				FA758ACA2A5EF528003E2F07 /* ChallengeOpenSelectionView.swift in Sources */,
				FA57AF6B2A5D73F8008A5991 /* ChallengeOpenCell.swift in Sources */,
				FA3FC8032A6E95540022CA3A /* HomeDetailType.swift in Sources */,
				FA2A06502A68DF5B00AC649F /* PrecautionViewModel.swift in Sources */,
				FA57AF752A5E9DED008A5991 /* CiderTextView.swift in Sources */,
				FA61002E2A58180E002175CE /* CiderSelectionStyle.swift in Sources */,
				FA42807D2A737C3600828F93 /* ChallengeDetailViewController.swift in Sources */,
				FA316D672A63A15100C7AA88 /* OnboardingCompleteViewController.swift in Sources */,
				FA3C432E2A62FA0E009E820B /* Date+Extension.swift in Sources */,
				FA44D39F2A4C5CE30037E328 /* UIStackView+Extension.swift in Sources */,
				FA348ED52A61185500EA3D04 /* NicknameRepository.swift in Sources */,
				FA348ED92A6119B600EA3D04 /* DuplicateNicknameResponse.swift in Sources */,
				FA316D692A63A18700C7AA88 /* MainTitleLabel.swift in Sources */,
				FA3AE40D2A57DB140078A4DF /* CiderBottomButton.swift in Sources */,
				FA56F9842A542FA70099EC6F /* GenderAndBirthdayViewController.swift in Sources */,
				FA0322812A4DC2B0000993DF /* NicknameViewController.swift in Sources */,
				FA348ED72A61190900EA3D04 /* RandomNicknameResponse.swift in Sources */,
				FA57AF4B2A5D0D72008A5991 /* CiderAPI.swift in Sources */,
				FA57AF632A5D22A0008A5991 /* LoginError.swift in Sources */,
				FA4DDB8E2A4D3178002EDEAD /* ServiceAgreeViewController.swift in Sources */,
				FA8CA60B2A46D322005A6709 /* LoginViewController.swift in Sources */,
				FA4A24BB2A7004540078A86C /* OngoingCell.swift in Sources */,
				FA4DDB922A4D5810002EDEAD /* ServiceAgreeCellData.swift in Sources */,
				FA4DDB952A4D5A46002EDEAD /* ServiceAgreeCell.swift in Sources */,
				FA758ACC2A5F0316003E2F07 /* MissionPhotoView.swift in Sources */,
				FA08D99B2A6D78CE0061C567 /* FeedCell.swift in Sources */,
				FA4280632A70E68100828F93 /* ReviewType.swift in Sources */,
				FA5B8BE12A4DCAE000CEB0F6 /* UITextField+Extension.swift in Sources */,
				FA42807B2A736F7600828F93 /* DynamicLabel.swift in Sources */,
				FA57AF4F2A5D0EC7008A5991 /* LocalKey.swift in Sources */,
				FA2A064E2A68DCE000AC649F /* PrecautionViewController.swift in Sources */,
				FA57AF602A5D1851008A5991 /* Encodable+Extension.swift in Sources */,
				FA3FC7FA2A6E92C60022CA3A /* HomeDetailViewController.swift in Sources */,
				FA553EBF2A5C141B00DAE63B /* LoginUsecase.swift in Sources */,
				FA4DF29A2A6C191C007F3035 /* CategoryView.swift in Sources */,
				FA6100282A57FA46002175CE /* ChallengeType.swift in Sources */,
				FA31A9442A6A33BE004D1C3B /* ChallengeHomeCell.swift in Sources */,
				FA4DDB972A4D66CB002EDEAD /* ServiceAgreeDetailCell.swift in Sources */,
				FAB9A73F2A4C8DAB00757A80 /* ProcessView.swift in Sources */,
				FA2A06522A68F19700AC649F /* ReviewInfoView.swift in Sources */,
				FA2A064C2A68DC0F00AC649F /* PrecautionView.swift in Sources */,
				FA6C21692A5A4E21008A9ADD /* CiderEnabledStyle.swift in Sources */,
				FA4280862A73D4B800828F93 /* ChallengeIntroCell.swift in Sources */,
				FA8CA6072A46D322005A6709 /* AppDelegate.swift in Sources */,
				FA4280692A721C7900828F93 /* ClosedChallengeCell.swift in Sources */,
				FA44D39B2A4C46A30037E328 /* CustomFont.swift in Sources */,
				FA3C432C2A62F816009E820B /* Onboarding.swift in Sources */,
				FA316D742A64155B00C7AA88 /* UserManager.swift in Sources */,
				FA2F052F2A683E9E00E2CCF2 /* Notification.Name+Extension.swift in Sources */,
				FA6100342A59BAEA002175CE /* ServiceAgreeViewModel.swift in Sources */,
				FA6100262A57F725002175CE /* ChallengeSelectionViewController.swift in Sources */,
				FA32B83E2A6A848C0086497D /* BannerCell.swift in Sources */,
				FA57AF5A2A5D154C008A5991 /* LoginResponse.swift in Sources */,
				FA32B83C2A6A79070086497D /* HomeNavigationView.swift in Sources */,
				FA8CA6092A46D322005A6709 /* SceneDelegate.swift in Sources */,
				FA57AF572A5D14CC008A5991 /* LoginRequest.swift in Sources */,
				FA57AF452A5C16EE008A5991 /* LoginViewModel.swift in Sources */,
				FA348ED32A61180400EA3D04 /* NicknameUsecase.swift in Sources */,
				FA4DDB902A4D57D5002EDEAD /* ProcessType.swift in Sources */,
				FA553EBD2A5C0D6900DAE63B /* APIKey.swift in Sources */,
				FA42807F2A73882900828F93 /* ProgressBarView.swift in Sources */,
				FA4280652A70E9A900828F93 /* ReviewStatusBarView.swift in Sources */,
				FA4A24B92A6FD6360078A86C /* SortingView.swift in Sources */,
				FA61002A2A57FC14002175CE /* ChallengesView.swift in Sources */,
				FA3C43282A62ED37009E820B /* OnboardingRepository.swift in Sources */,
				FA3FC7FC2A6E93B70022CA3A /* SortingHeaderView.swift in Sources */,
				FA4A24BD2A7012B90078A86C /* MyChallengeViewController.swift in Sources */,
				FA6100302A590431002175CE /* ChallengeSelectionViewModel.swift in Sources */,
				FA4280842A73ADF900828F93 /* ProgressBarCell.swift in Sources */,
				FA44D3992A4C43B80037E328 /* Color+Extension.swift in Sources */,
				FAD6E3D42A64F2A6002C8007 /* WritingView.swift in Sources */,
				FAD6E3D82A64F9B5002C8007 /* ChallengeTypeViewController.swift in Sources */,
				FA3FC8002A6E94690022CA3A /* HomeDetailInfoCell.swift in Sources */,
				FA348ED02A61170800EA3D04 /* NicknameViewModel.swift in Sources */,
				FA3AE4072A57D2970078A4DF /* GenderAndBirthdayViewModel.swift in Sources */,
				FA4280672A70F17800828F93 /* ReviewCell.swift in Sources */,
				FA6AE8B02A6045AB00512EE1 /* ChallengeOpenSelectionType.swift in Sources */,
				FAB9A73B2A4C64CF00757A80 /* UILabel+Extension.swift in Sources */,
			);
			runOnlyForDeploymentPostprocessing = 0;
		};
/* End PBXSourcesBuildPhase section */

/* Begin PBXVariantGroup section */
		FA8CA6112A46D324005A6709 /* LaunchScreen.storyboard */ = {
			isa = PBXVariantGroup;
			children = (
				FA8CA6122A46D324005A6709 /* Base */,
			);
			name = LaunchScreen.storyboard;
			sourceTree = "<group>";
		};
/* End PBXVariantGroup section */

/* Begin XCBuildConfiguration section */
		FA8CA6152A46D324005A6709 /* Debug */ = {
			isa = XCBuildConfiguration;
			buildSettings = {
				ALWAYS_SEARCH_USER_PATHS = NO;
				CLANG_ANALYZER_NONNULL = YES;
				CLANG_ANALYZER_NUMBER_OBJECT_CONVERSION = YES_AGGRESSIVE;
				CLANG_CXX_LANGUAGE_STANDARD = "gnu++20";
				CLANG_ENABLE_MODULES = YES;
				CLANG_ENABLE_OBJC_ARC = YES;
				CLANG_ENABLE_OBJC_WEAK = YES;
				CLANG_WARN_BLOCK_CAPTURE_AUTORELEASING = YES;
				CLANG_WARN_BOOL_CONVERSION = YES;
				CLANG_WARN_COMMA = YES;
				CLANG_WARN_CONSTANT_CONVERSION = YES;
				CLANG_WARN_DEPRECATED_OBJC_IMPLEMENTATIONS = YES;
				CLANG_WARN_DIRECT_OBJC_ISA_USAGE = YES_ERROR;
				CLANG_WARN_DOCUMENTATION_COMMENTS = YES;
				CLANG_WARN_EMPTY_BODY = YES;
				CLANG_WARN_ENUM_CONVERSION = YES;
				CLANG_WARN_INFINITE_RECURSION = YES;
				CLANG_WARN_INT_CONVERSION = YES;
				CLANG_WARN_NON_LITERAL_NULL_CONVERSION = YES;
				CLANG_WARN_OBJC_IMPLICIT_RETAIN_SELF = YES;
				CLANG_WARN_OBJC_LITERAL_CONVERSION = YES;
				CLANG_WARN_OBJC_ROOT_CLASS = YES_ERROR;
				CLANG_WARN_QUOTED_INCLUDE_IN_FRAMEWORK_HEADER = YES;
				CLANG_WARN_RANGE_LOOP_ANALYSIS = YES;
				CLANG_WARN_STRICT_PROTOTYPES = YES;
				CLANG_WARN_SUSPICIOUS_MOVE = YES;
				CLANG_WARN_UNGUARDED_AVAILABILITY = YES_AGGRESSIVE;
				CLANG_WARN_UNREACHABLE_CODE = YES;
				CLANG_WARN__DUPLICATE_METHOD_MATCH = YES;
				COPY_PHASE_STRIP = NO;
				DEBUG_INFORMATION_FORMAT = dwarf;
				ENABLE_STRICT_OBJC_MSGSEND = YES;
				ENABLE_TESTABILITY = YES;
				GCC_C_LANGUAGE_STANDARD = gnu11;
				GCC_DYNAMIC_NO_PIC = NO;
				GCC_NO_COMMON_BLOCKS = YES;
				GCC_OPTIMIZATION_LEVEL = 0;
				GCC_PREPROCESSOR_DEFINITIONS = (
					"DEBUG=1",
					"$(inherited)",
				);
				GCC_WARN_64_TO_32_BIT_CONVERSION = YES;
				GCC_WARN_ABOUT_RETURN_TYPE = YES_ERROR;
				GCC_WARN_UNDECLARED_SELECTOR = YES;
				GCC_WARN_UNINITIALIZED_AUTOS = YES_AGGRESSIVE;
				GCC_WARN_UNUSED_FUNCTION = YES;
				GCC_WARN_UNUSED_VARIABLE = YES;
				IPHONEOS_DEPLOYMENT_TARGET = 16.2;
				MTL_ENABLE_DEBUG_INFO = INCLUDE_SOURCE;
				MTL_FAST_MATH = YES;
				ONLY_ACTIVE_ARCH = YES;
				SDKROOT = iphoneos;
				SWIFT_ACTIVE_COMPILATION_CONDITIONS = DEBUG;
				SWIFT_OPTIMIZATION_LEVEL = "-Onone";
			};
			name = Debug;
		};
		FA8CA6162A46D324005A6709 /* Release */ = {
			isa = XCBuildConfiguration;
			buildSettings = {
				ALWAYS_SEARCH_USER_PATHS = NO;
				CLANG_ANALYZER_NONNULL = YES;
				CLANG_ANALYZER_NUMBER_OBJECT_CONVERSION = YES_AGGRESSIVE;
				CLANG_CXX_LANGUAGE_STANDARD = "gnu++20";
				CLANG_ENABLE_MODULES = YES;
				CLANG_ENABLE_OBJC_ARC = YES;
				CLANG_ENABLE_OBJC_WEAK = YES;
				CLANG_WARN_BLOCK_CAPTURE_AUTORELEASING = YES;
				CLANG_WARN_BOOL_CONVERSION = YES;
				CLANG_WARN_COMMA = YES;
				CLANG_WARN_CONSTANT_CONVERSION = YES;
				CLANG_WARN_DEPRECATED_OBJC_IMPLEMENTATIONS = YES;
				CLANG_WARN_DIRECT_OBJC_ISA_USAGE = YES_ERROR;
				CLANG_WARN_DOCUMENTATION_COMMENTS = YES;
				CLANG_WARN_EMPTY_BODY = YES;
				CLANG_WARN_ENUM_CONVERSION = YES;
				CLANG_WARN_INFINITE_RECURSION = YES;
				CLANG_WARN_INT_CONVERSION = YES;
				CLANG_WARN_NON_LITERAL_NULL_CONVERSION = YES;
				CLANG_WARN_OBJC_IMPLICIT_RETAIN_SELF = YES;
				CLANG_WARN_OBJC_LITERAL_CONVERSION = YES;
				CLANG_WARN_OBJC_ROOT_CLASS = YES_ERROR;
				CLANG_WARN_QUOTED_INCLUDE_IN_FRAMEWORK_HEADER = YES;
				CLANG_WARN_RANGE_LOOP_ANALYSIS = YES;
				CLANG_WARN_STRICT_PROTOTYPES = YES;
				CLANG_WARN_SUSPICIOUS_MOVE = YES;
				CLANG_WARN_UNGUARDED_AVAILABILITY = YES_AGGRESSIVE;
				CLANG_WARN_UNREACHABLE_CODE = YES;
				CLANG_WARN__DUPLICATE_METHOD_MATCH = YES;
				COPY_PHASE_STRIP = NO;
				DEBUG_INFORMATION_FORMAT = "dwarf-with-dsym";
				ENABLE_NS_ASSERTIONS = NO;
				ENABLE_STRICT_OBJC_MSGSEND = YES;
				GCC_C_LANGUAGE_STANDARD = gnu11;
				GCC_NO_COMMON_BLOCKS = YES;
				GCC_WARN_64_TO_32_BIT_CONVERSION = YES;
				GCC_WARN_ABOUT_RETURN_TYPE = YES_ERROR;
				GCC_WARN_UNDECLARED_SELECTOR = YES;
				GCC_WARN_UNINITIALIZED_AUTOS = YES_AGGRESSIVE;
				GCC_WARN_UNUSED_FUNCTION = YES;
				GCC_WARN_UNUSED_VARIABLE = YES;
				IPHONEOS_DEPLOYMENT_TARGET = 16.2;
				MTL_ENABLE_DEBUG_INFO = NO;
				MTL_FAST_MATH = YES;
				SDKROOT = iphoneos;
				SWIFT_COMPILATION_MODE = wholemodule;
				SWIFT_OPTIMIZATION_LEVEL = "-O";
				VALIDATE_PRODUCT = YES;
			};
			name = Release;
		};
		FA8CA6182A46D324005A6709 /* Debug */ = {
			isa = XCBuildConfiguration;
			buildSettings = {
				ASSETCATALOG_COMPILER_APPICON_NAME = AppIcon;
				ASSETCATALOG_COMPILER_GLOBAL_ACCENT_COLOR_NAME = AccentColor;
				CODE_SIGN_ENTITLEMENTS = Cider/Cider.entitlements;
				CODE_SIGN_STYLE = Automatic;
				CURRENT_PROJECT_VERSION = 1;
				DEVELOPMENT_TEAM = 9738W25PF4;
				GENERATE_INFOPLIST_FILE = YES;
				INFOPLIST_FILE = Cider/Resources/Info.plist;
				INFOPLIST_KEY_LSApplicationCategoryType = "";
				INFOPLIST_KEY_NSCameraUsageDescription = "챌린지 인증을 위해 카메라 권한이 필요합니다.";
				INFOPLIST_KEY_NSPhotoLibraryAddUsageDescription = "챌린지 인증을 위해 앨범 권한이 필요합니다.";
				INFOPLIST_KEY_UIApplicationSupportsIndirectInputEvents = YES;
				INFOPLIST_KEY_UILaunchStoryboardName = LaunchScreen;
				INFOPLIST_KEY_UISupportedInterfaceOrientations_iPad = "UIInterfaceOrientationPortrait UIInterfaceOrientationPortraitUpsideDown UIInterfaceOrientationLandscapeLeft UIInterfaceOrientationLandscapeRight";
				INFOPLIST_KEY_UISupportedInterfaceOrientations_iPhone = "UIInterfaceOrientationPortrait UIInterfaceOrientationLandscapeLeft UIInterfaceOrientationLandscapeRight";
				INFOPLIST_KEY_UIUserInterfaceStyle = Light;
				IPHONEOS_DEPLOYMENT_TARGET = 16.0;
				LD_RUNPATH_SEARCH_PATHS = (
					"$(inherited)",
					"@executable_path/Frameworks",
				);
				MARKETING_VERSION = 1.0;
				PRODUCT_BUNDLE_IDENTIFIER = LimYoungSun.Cider;
				PRODUCT_NAME = "$(TARGET_NAME)";
				SWIFT_EMIT_LOC_STRINGS = YES;
				SWIFT_VERSION = 5.0;
				TARGETED_DEVICE_FAMILY = "1,2";
			};
			name = Debug;
		};
		FA8CA6192A46D324005A6709 /* Release */ = {
			isa = XCBuildConfiguration;
			buildSettings = {
				ASSETCATALOG_COMPILER_APPICON_NAME = AppIcon;
				ASSETCATALOG_COMPILER_GLOBAL_ACCENT_COLOR_NAME = AccentColor;
				CODE_SIGN_ENTITLEMENTS = Cider/Cider.entitlements;
				CODE_SIGN_STYLE = Automatic;
				CURRENT_PROJECT_VERSION = 1;
				DEVELOPMENT_TEAM = 9738W25PF4;
				GENERATE_INFOPLIST_FILE = YES;
				INFOPLIST_FILE = Cider/Resources/Info.plist;
				INFOPLIST_KEY_LSApplicationCategoryType = "";
				INFOPLIST_KEY_NSCameraUsageDescription = "챌린지 인증을 위해 카메라 권한이 필요합니다.";
				INFOPLIST_KEY_NSPhotoLibraryAddUsageDescription = "챌린지 인증을 위해 앨범 권한이 필요합니다.";
				INFOPLIST_KEY_UIApplicationSupportsIndirectInputEvents = YES;
				INFOPLIST_KEY_UILaunchStoryboardName = LaunchScreen;
				INFOPLIST_KEY_UISupportedInterfaceOrientations_iPad = "UIInterfaceOrientationPortrait UIInterfaceOrientationPortraitUpsideDown UIInterfaceOrientationLandscapeLeft UIInterfaceOrientationLandscapeRight";
				INFOPLIST_KEY_UISupportedInterfaceOrientations_iPhone = "UIInterfaceOrientationPortrait UIInterfaceOrientationLandscapeLeft UIInterfaceOrientationLandscapeRight";
				INFOPLIST_KEY_UIUserInterfaceStyle = Light;
				IPHONEOS_DEPLOYMENT_TARGET = 16.0;
				LD_RUNPATH_SEARCH_PATHS = (
					"$(inherited)",
					"@executable_path/Frameworks",
				);
				MARKETING_VERSION = 1.0;
				PRODUCT_BUNDLE_IDENTIFIER = LimYoungSun.Cider;
				PRODUCT_NAME = "$(TARGET_NAME)";
				SWIFT_EMIT_LOC_STRINGS = YES;
				SWIFT_VERSION = 5.0;
				TARGETED_DEVICE_FAMILY = "1,2";
			};
			name = Release;
		};
/* End XCBuildConfiguration section */

/* Begin XCConfigurationList section */
		FA8CA5FE2A46D322005A6709 /* Build configuration list for PBXProject "Cider" */ = {
			isa = XCConfigurationList;
			buildConfigurations = (
				FA8CA6152A46D324005A6709 /* Debug */,
				FA8CA6162A46D324005A6709 /* Release */,
			);
			defaultConfigurationIsVisible = 0;
			defaultConfigurationName = Release;
		};
		FA8CA6172A46D324005A6709 /* Build configuration list for PBXNativeTarget "Cider" */ = {
			isa = XCConfigurationList;
			buildConfigurations = (
				FA8CA6182A46D324005A6709 /* Debug */,
				FA8CA6192A46D324005A6709 /* Release */,
			);
			defaultConfigurationIsVisible = 0;
			defaultConfigurationName = Release;
		};
/* End XCConfigurationList section */

/* Begin XCRemoteSwiftPackageReference section */
		FA553EB02A5C026300DAE63B /* XCRemoteSwiftPackageReference "kakao-ios-sdk" */ = {
			isa = XCRemoteSwiftPackageReference;
			repositoryURL = "https://github.com/kakao/kakao-ios-sdk";
			requirement = {
				kind = upToNextMajorVersion;
				minimumVersion = 2.0.0;
			};
		};
		FA57AF462A5C5116008A5991 /* XCRemoteSwiftPackageReference "Moya" */ = {
			isa = XCRemoteSwiftPackageReference;
			repositoryURL = "https://github.com/Moya/Moya.git";
			requirement = {
				branch = master;
				kind = branch;
			};
		};
/* End XCRemoteSwiftPackageReference section */

/* Begin XCSwiftPackageProductDependency section */
		FA553EB12A5C026300DAE63B /* KakaoSDK */ = {
			isa = XCSwiftPackageProductDependency;
			package = FA553EB02A5C026300DAE63B /* XCRemoteSwiftPackageReference "kakao-ios-sdk" */;
			productName = KakaoSDK;
		};
		FA553EB32A5C026300DAE63B /* KakaoSDKAuth */ = {
			isa = XCSwiftPackageProductDependency;
			package = FA553EB02A5C026300DAE63B /* XCRemoteSwiftPackageReference "kakao-ios-sdk" */;
			productName = KakaoSDKAuth;
		};
		FA553EB52A5C026300DAE63B /* KakaoSDKCommon */ = {
			isa = XCSwiftPackageProductDependency;
			package = FA553EB02A5C026300DAE63B /* XCRemoteSwiftPackageReference "kakao-ios-sdk" */;
			productName = KakaoSDKCommon;
		};
		FA57AF472A5C5116008A5991 /* Moya */ = {
			isa = XCSwiftPackageProductDependency;
			package = FA57AF462A5C5116008A5991 /* XCRemoteSwiftPackageReference "Moya" */;
			productName = Moya;
		};
/* End XCSwiftPackageProductDependency section */
	};
	rootObject = FA8CA5FB2A46D322005A6709 /* Project object */;
}
